
Microsoft Visual Studio Solution File, Format Version 12.00
# Visual Studio 14
VisualStudioVersion = 14.0.25420.1
MinimumVisualStudioVersion = 10.0.40219.1
Project("{8BC9CEB8-8B4A-11D0-8D11-00A0C91BC942}") = "logger", "logger\msvc14\logger.vcxproj", "{905FD6F1-E450-4EC9-BF12-F323792C4189}"
	ProjectSection(ProjectDependencies) = postProject
		{3A8BFA74-5C22-4281-A399-48E81745730A} = {3A8BFA74-5C22-4281-A399-48E81745730A}
		{917836A4-0DDC-47BE-B930-1B3BFDF6C940} = {917836A4-0DDC-47BE-B930-1B3BFDF6C940}
	EndProjectSection
EndProject
Project("{8BC9CEB8-8B4A-11D0-8D11-00A0C91BC942}") = "log4cplus", "log4cplus\msvc14\log4cplus.vcxproj", "{917836A4-0DDC-47BE-B930-1B3BFDF6C940}"
EndProject
Project("{8BC9CEB8-8B4A-11D0-8D11-00A0C91BC942}") = "edge_third_party", "edge_third_party\msvc14\edge_thrid_party.vcxproj", "{3A8BFA74-5C22-4281-A399-48E81745730A}"
EndProject
Project("{8BC9CEB8-8B4A-11D0-8D11-00A0C91BC942}") = "dds_base", "dds_base\msvc14\dds_base.vcxproj", "{7FC0B1D5-83F8-4088-A723-9B6ED42F1141}"
	ProjectSection(ProjectDependencies) = postProject
		{3A8BFA74-5C22-4281-A399-48E81745730A} = {3A8BFA74-5C22-4281-A399-48E81745730A}
		{917836A4-0DDC-47BE-B930-1B3BFDF6C940} = {917836A4-0DDC-47BE-B930-1B3BFDF6C940}
		{905FD6F1-E450-4EC9-BF12-F323792C4189} = {905FD6F1-E450-4EC9-BF12-F323792C4189}
	EndProjectSection
EndProject
Project("{8BC9CEB8-8B4A-11D0-8D11-00A0C91BC942}") = "base_data_types", "edge_data_models\topics\base_data_types\msvc14\base_data_types.vcxproj", "{6B834713-11FF-4E58-A703-5CC3E02CBD4D}"
	ProjectSection(ProjectDependencies) = postProject
		{3A8BFA74-5C22-4281-A399-48E81745730A} = {3A8BFA74-5C22-4281-A399-48E81745730A}
		{917836A4-0DDC-47BE-B930-1B3BFDF6C940} = {917836A4-0DDC-47BE-B930-1B3BFDF6C940}
		{7FC0B1D5-83F8-4088-A723-9B6ED42F1141} = {7FC0B1D5-83F8-4088-A723-9B6ED42F1141}
		{905FD6F1-E450-4EC9-BF12-F323792C4189} = {905FD6F1-E450-4EC9-BF12-F323792C4189}
	EndProjectSection
EndProject
Project("{8BC9CEB8-8B4A-11D0-8D11-00A0C91BC942}") = "hoist_objective_state", "edge_data_models\topics\objective_state\hoist\msvc14\hoist_objective_state.vcxproj", "{8097B4B3-2607-43D8-A2E4-372A6761F605}"
	ProjectSection(ProjectDependencies) = postProject
		{6B834713-11FF-4E58-A703-5CC3E02CBD4D} = {6B834713-11FF-4E58-A703-5CC3E02CBD4D}
		{3A8BFA74-5C22-4281-A399-48E81745730A} = {3A8BFA74-5C22-4281-A399-48E81745730A}
		{917836A4-0DDC-47BE-B930-1B3BFDF6C940} = {917836A4-0DDC-47BE-B930-1B3BFDF6C940}
		{7FC0B1D5-83F8-4088-A723-9B6ED42F1141} = {7FC0B1D5-83F8-4088-A723-9B6ED42F1141}
		{905FD6F1-E450-4EC9-BF12-F323792C4189} = {905FD6F1-E450-4EC9-BF12-F323792C4189}
	EndProjectSection
EndProject
Project("{8BC9CEB8-8B4A-11D0-8D11-00A0C91BC942}") = "circulate_objective_state", "edge_data_models\topics\objective_state\circulate\msvc14\circulate_objective_state.vcxproj", "{7937D597-94D6-49CE-A02E-7B0B62925A24}"
	ProjectSection(ProjectDependencies) = postProject
		{6B834713-11FF-4E58-A703-5CC3E02CBD4D} = {6B834713-11FF-4E58-A703-5CC3E02CBD4D}
		{3A8BFA74-5C22-4281-A399-48E81745730A} = {3A8BFA74-5C22-4281-A399-48E81745730A}
		{917836A4-0DDC-47BE-B930-1B3BFDF6C940} = {917836A4-0DDC-47BE-B930-1B3BFDF6C940}
		{7FC0B1D5-83F8-4088-A723-9B6ED42F1141} = {7FC0B1D5-83F8-4088-A723-9B6ED42F1141}
		{905FD6F1-E450-4EC9-BF12-F323792C4189} = {905FD6F1-E450-4EC9-BF12-F323792C4189}
	EndProjectSection
EndProject
Project("{8BC9CEB8-8B4A-11D0-8D11-00A0C91BC942}") = "rotate_objective_state", "edge_data_models\topics\objective_state\rotate\msvc14\rotate_objective_state.vcxproj", "{49E4FAB7-EB14-44CF-992C-B10021429D8F}"
	ProjectSection(ProjectDependencies) = postProject
		{6B834713-11FF-4E58-A703-5CC3E02CBD4D} = {6B834713-11FF-4E58-A703-5CC3E02CBD4D}
		{3A8BFA74-5C22-4281-A399-48E81745730A} = {3A8BFA74-5C22-4281-A399-48E81745730A}
		{917836A4-0DDC-47BE-B930-1B3BFDF6C940} = {917836A4-0DDC-47BE-B930-1B3BFDF6C940}
		{7FC0B1D5-83F8-4088-A723-9B6ED42F1141} = {7FC0B1D5-83F8-4088-A723-9B6ED42F1141}
		{905FD6F1-E450-4EC9-BF12-F323792C4189} = {905FD6F1-E450-4EC9-BF12-F323792C4189}
	EndProjectSection
EndProject
Project("{8BC9CEB8-8B4A-11D0-8D11-00A0C91BC942}") = "drill_objective_state", "edge_data_models\topics\objective_state\drill\msvc14\drill_objective_state.vcxproj", "{30A5245F-400D-410C-BEEA-20DE3170C5FD}"
	ProjectSection(ProjectDependencies) = postProject
		{6B834713-11FF-4E58-A703-5CC3E02CBD4D} = {6B834713-11FF-4E58-A703-5CC3E02CBD4D}
		{3A8BFA74-5C22-4281-A399-48E81745730A} = {3A8BFA74-5C22-4281-A399-48E81745730A}
		{917836A4-0DDC-47BE-B930-1B3BFDF6C940} = {917836A4-0DDC-47BE-B930-1B3BFDF6C940}
		{7FC0B1D5-83F8-4088-A723-9B6ED42F1141} = {7FC0B1D5-83F8-4088-A723-9B6ED42F1141}
		{905FD6F1-E450-4EC9-BF12-F323792C4189} = {905FD6F1-E450-4EC9-BF12-F323792C4189}
	EndProjectSection
EndProject
Project("{2150E333-8FDC-42A3-9474-1A3956D46DE8}") = "Solution Items", "Solution Items", "{F11C471D-5363-4159-8493-F063BE81E79B}"
EndProject
Project("{8BC9CEB8-8B4A-11D0-8D11-00A0C91BC942}") = "drilling_calibration_objective_state", "edge_data_models\topics\objective_state\drilling_calibration\msvc14\drilling_calibration_objective_state.vcxproj", "{5599D655-9882-4135-B03F-78638C0ECB34}"
	ProjectSection(ProjectDependencies) = postProject
		{6B834713-11FF-4E58-A703-5CC3E02CBD4D} = {6B834713-11FF-4E58-A703-5CC3E02CBD4D}
		{3A8BFA74-5C22-4281-A399-48E81745730A} = {3A8BFA74-5C22-4281-A399-48E81745730A}
		{917836A4-0DDC-47BE-B930-1B3BFDF6C940} = {917836A4-0DDC-47BE-B930-1B3BFDF6C940}
		{7FC0B1D5-83F8-4088-A723-9B6ED42F1141} = {7FC0B1D5-83F8-4088-A723-9B6ED42F1141}
		{905FD6F1-E450-4EC9-BF12-F323792C4189} = {905FD6F1-E450-4EC9-BF12-F323792C4189}
	EndProjectSection
EndProject
Project("{8BC9CEB8-8B4A-11D0-8D11-00A0C91BC942}") = "autotuner_objective_state", "edge_data_models\topics\objective_state\autotuner_configuration\msvc14\autotuner_objective_state.vcxproj", "{231E1557-F201-402F-A6C8-6E5FBD0FEFE4}"
	ProjectSection(ProjectDependencies) = postProject
		{6B834713-11FF-4E58-A703-5CC3E02CBD4D} = {6B834713-11FF-4E58-A703-5CC3E02CBD4D}
		{3A8BFA74-5C22-4281-A399-48E81745730A} = {3A8BFA74-5C22-4281-A399-48E81745730A}
		{917836A4-0DDC-47BE-B930-1B3BFDF6C940} = {917836A4-0DDC-47BE-B930-1B3BFDF6C940}
		{7FC0B1D5-83F8-4088-A723-9B6ED42F1141} = {7FC0B1D5-83F8-4088-A723-9B6ED42F1141}
		{905FD6F1-E450-4EC9-BF12-F323792C4189} = {905FD6F1-E450-4EC9-BF12-F323792C4189}
	EndProjectSection
EndProject
Project("{8BC9CEB8-8B4A-11D0-8D11-00A0C91BC942}") = "autodriller_objective_state", "edge_data_models\topics\objective_state\autodriller_configuration\msvc14\autodriller_objective_state.vcxproj", "{328975F1-C7DF-49C2-8874-D15D021A7C64}"
	ProjectSection(ProjectDependencies) = postProject
		{6B834713-11FF-4E58-A703-5CC3E02CBD4D} = {6B834713-11FF-4E58-A703-5CC3E02CBD4D}
		{3A8BFA74-5C22-4281-A399-48E81745730A} = {3A8BFA74-5C22-4281-A399-48E81745730A}
		{917836A4-0DDC-47BE-B930-1B3BFDF6C940} = {917836A4-0DDC-47BE-B930-1B3BFDF6C940}
		{7FC0B1D5-83F8-4088-A723-9B6ED42F1141} = {7FC0B1D5-83F8-4088-A723-9B6ED42F1141}
		{905FD6F1-E450-4EC9-BF12-F323792C4189} = {905FD6F1-E450-4EC9-BF12-F323792C4189}
	EndProjectSection
EndProject
Project("{8BC9CEB8-8B4A-11D0-8D11-00A0C91BC942}") = "wellbore_objective_state", "edge_data_models\topics\objective_state\wellbore\msvc14\wellbore_publisher.vcxproj", "{48285CD8-0CC4-4FB8-B8CA-06C83ADA176D}"
	ProjectSection(ProjectDependencies) = postProject
		{6B834713-11FF-4E58-A703-5CC3E02CBD4D} = {6B834713-11FF-4E58-A703-5CC3E02CBD4D}
		{3A8BFA74-5C22-4281-A399-48E81745730A} = {3A8BFA74-5C22-4281-A399-48E81745730A}
		{917836A4-0DDC-47BE-B930-1B3BFDF6C940} = {917836A4-0DDC-47BE-B930-1B3BFDF6C940}
		{7FC0B1D5-83F8-4088-A723-9B6ED42F1141} = {7FC0B1D5-83F8-4088-A723-9B6ED42F1141}
		{905FD6F1-E450-4EC9-BF12-F323792C4189} = {905FD6F1-E450-4EC9-BF12-F323792C4189}
	EndProjectSection
EndProject
Project("{8BC9CEB8-8B4A-11D0-8D11-00A0C91BC942}") = "objective_objective_state", "edge_data_models\topics\objective_state\objective\msvc14\objective_objective_state.vcxproj", "{98480618-5C7F-4299-878E-6D9026D56519}"
	ProjectSection(ProjectDependencies) = postProject
		{6B834713-11FF-4E58-A703-5CC3E02CBD4D} = {6B834713-11FF-4E58-A703-5CC3E02CBD4D}
		{3A8BFA74-5C22-4281-A399-48E81745730A} = {3A8BFA74-5C22-4281-A399-48E81745730A}
		{917836A4-0DDC-47BE-B930-1B3BFDF6C940} = {917836A4-0DDC-47BE-B930-1B3BFDF6C940}
		{7FC0B1D5-83F8-4088-A723-9B6ED42F1141} = {7FC0B1D5-83F8-4088-A723-9B6ED42F1141}
		{905FD6F1-E450-4EC9-BF12-F323792C4189} = {905FD6F1-E450-4EC9-BF12-F323792C4189}
	EndProjectSection
EndProject
Global
	GlobalSection(SolutionConfigurationPlatforms) = preSolution
		Debug_vs2013|Win32 = Debug_vs2013|Win32
		Debug_vs2013|x64 = Debug_vs2013|x64
		Debug_vs2013|x86 = Debug_vs2013|x86
		Debug|Win32 = Debug|Win32
		Debug|x64 = Debug|x64
		Debug|x86 = Debug|x86
		release_v2013|Win32 = release_v2013|Win32
		release_v2013|x64 = release_v2013|x64
		release_v2013|x86 = release_v2013|x86
		Release_vs2013|Win32 = Release_vs2013|Win32
		Release_vs2013|x64 = Release_vs2013|x64
		Release_vs2013|x86 = Release_vs2013|x86
		Release|Win32 = Release|Win32
		Release|x64 = Release|x64
		Release|x86 = Release|x86
	EndGlobalSection
	GlobalSection(ProjectConfigurationPlatforms) = postSolution
		{905FD6F1-E450-4EC9-BF12-F323792C4189}.Debug_vs2013|Win32.ActiveCfg = debug_vs2013|Win32
		{905FD6F1-E450-4EC9-BF12-F323792C4189}.Debug_vs2013|Win32.Build.0 = debug_vs2013|Win32
		{905FD6F1-E450-4EC9-BF12-F323792C4189}.Debug_vs2013|x64.ActiveCfg = debug_vs2013|x64
		{905FD6F1-E450-4EC9-BF12-F323792C4189}.Debug_vs2013|x64.Build.0 = debug_vs2013|x64
		{905FD6F1-E450-4EC9-BF12-F323792C4189}.Debug_vs2013|x86.ActiveCfg = debug_vs2013|Win32
		{905FD6F1-E450-4EC9-BF12-F323792C4189}.Debug_vs2013|x86.Build.0 = debug_vs2013|Win32
		{905FD6F1-E450-4EC9-BF12-F323792C4189}.Debug|Win32.ActiveCfg = Debug|Win32
		{905FD6F1-E450-4EC9-BF12-F323792C4189}.Debug|Win32.Build.0 = Debug|Win32
		{905FD6F1-E450-4EC9-BF12-F323792C4189}.Debug|x64.ActiveCfg = Debug|Win32
		{905FD6F1-E450-4EC9-BF12-F323792C4189}.Debug|x64.Build.0 = Debug|Win32
		{905FD6F1-E450-4EC9-BF12-F323792C4189}.Debug|x86.ActiveCfg = Debug|Win32
		{905FD6F1-E450-4EC9-BF12-F323792C4189}.Debug|x86.Build.0 = Debug|Win32
		{905FD6F1-E450-4EC9-BF12-F323792C4189}.release_v2013|Win32.ActiveCfg = release_v2013|Win32
		{905FD6F1-E450-4EC9-BF12-F323792C4189}.release_v2013|Win32.Build.0 = release_v2013|Win32
		{905FD6F1-E450-4EC9-BF12-F323792C4189}.release_v2013|x64.ActiveCfg = release_v2013|x64
		{905FD6F1-E450-4EC9-BF12-F323792C4189}.release_v2013|x64.Build.0 = release_v2013|x64
		{905FD6F1-E450-4EC9-BF12-F323792C4189}.release_v2013|x86.ActiveCfg = release_v2013|Win32
		{905FD6F1-E450-4EC9-BF12-F323792C4189}.release_v2013|x86.Build.0 = release_v2013|Win32
		{905FD6F1-E450-4EC9-BF12-F323792C4189}.Release_vs2013|Win32.ActiveCfg = release_v2013|Win32
		{905FD6F1-E450-4EC9-BF12-F323792C4189}.Release_vs2013|Win32.Build.0 = release_v2013|Win32
		{905FD6F1-E450-4EC9-BF12-F323792C4189}.Release_vs2013|x64.ActiveCfg = release_v2013|x64
		{905FD6F1-E450-4EC9-BF12-F323792C4189}.Release_vs2013|x64.Build.0 = release_v2013|x64
		{905FD6F1-E450-4EC9-BF12-F323792C4189}.Release_vs2013|x86.ActiveCfg = release_v2013|Win32
		{905FD6F1-E450-4EC9-BF12-F323792C4189}.Release_vs2013|x86.Build.0 = release_v2013|Win32
		{905FD6F1-E450-4EC9-BF12-F323792C4189}.Release|Win32.ActiveCfg = Release|Win32
		{905FD6F1-E450-4EC9-BF12-F323792C4189}.Release|Win32.Build.0 = Release|Win32
		{905FD6F1-E450-4EC9-BF12-F323792C4189}.Release|x64.ActiveCfg = Release|x64
		{905FD6F1-E450-4EC9-BF12-F323792C4189}.Release|x64.Build.0 = Release|x64
		{905FD6F1-E450-4EC9-BF12-F323792C4189}.Release|x86.ActiveCfg = Release|Win32
		{905FD6F1-E450-4EC9-BF12-F323792C4189}.Release|x86.Build.0 = Release|Win32
		{917836A4-0DDC-47BE-B930-1B3BFDF6C940}.Debug_vs2013|Win32.ActiveCfg = debug_vs2013|Win32
		{917836A4-0DDC-47BE-B930-1B3BFDF6C940}.Debug_vs2013|Win32.Build.0 = debug_vs2013|Win32
		{917836A4-0DDC-47BE-B930-1B3BFDF6C940}.Debug_vs2013|x64.ActiveCfg = debug_vs2013|x64
		{917836A4-0DDC-47BE-B930-1B3BFDF6C940}.Debug_vs2013|x64.Build.0 = debug_vs2013|x64
		{917836A4-0DDC-47BE-B930-1B3BFDF6C940}.Debug_vs2013|x86.ActiveCfg = debug_vs2013|Win32
		{917836A4-0DDC-47BE-B930-1B3BFDF6C940}.Debug_vs2013|x86.Build.0 = debug_vs2013|Win32
		{917836A4-0DDC-47BE-B930-1B3BFDF6C940}.Debug|Win32.ActiveCfg = Debug|Win32
		{917836A4-0DDC-47BE-B930-1B3BFDF6C940}.Debug|Win32.Build.0 = Debug|Win32
		{917836A4-0DDC-47BE-B930-1B3BFDF6C940}.Debug|x64.ActiveCfg = Debug|Win32
		{917836A4-0DDC-47BE-B930-1B3BFDF6C940}.Debug|x64.Build.0 = Debug|Win32
		{917836A4-0DDC-47BE-B930-1B3BFDF6C940}.Debug|x86.ActiveCfg = Debug|Win32
		{917836A4-0DDC-47BE-B930-1B3BFDF6C940}.Debug|x86.Build.0 = Debug|Win32
		{917836A4-0DDC-47BE-B930-1B3BFDF6C940}.release_v2013|Win32.ActiveCfg = release_v2013|Win32
		{917836A4-0DDC-47BE-B930-1B3BFDF6C940}.release_v2013|Win32.Build.0 = release_v2013|Win32
		{917836A4-0DDC-47BE-B930-1B3BFDF6C940}.release_v2013|x64.ActiveCfg = release_v2013|x64
		{917836A4-0DDC-47BE-B930-1B3BFDF6C940}.release_v2013|x64.Build.0 = release_v2013|x64
		{917836A4-0DDC-47BE-B930-1B3BFDF6C940}.release_v2013|x86.ActiveCfg = release_v2013|Win32
		{917836A4-0DDC-47BE-B930-1B3BFDF6C940}.release_v2013|x86.Build.0 = release_v2013|Win32
		{917836A4-0DDC-47BE-B930-1B3BFDF6C940}.Release_vs2013|Win32.ActiveCfg = release_v2013|Win32
		{917836A4-0DDC-47BE-B930-1B3BFDF6C940}.Release_vs2013|Win32.Build.0 = release_v2013|Win32
		{917836A4-0DDC-47BE-B930-1B3BFDF6C940}.Release_vs2013|x64.ActiveCfg = release_v2013|x64
		{917836A4-0DDC-47BE-B930-1B3BFDF6C940}.Release_vs2013|x64.Build.0 = release_v2013|x64
		{917836A4-0DDC-47BE-B930-1B3BFDF6C940}.Release_vs2013|x86.ActiveCfg = release_v2013|Win32
		{917836A4-0DDC-47BE-B930-1B3BFDF6C940}.Release_vs2013|x86.Build.0 = release_v2013|Win32
		{917836A4-0DDC-47BE-B930-1B3BFDF6C940}.Release|Win32.ActiveCfg = Release|Win32
		{917836A4-0DDC-47BE-B930-1B3BFDF6C940}.Release|Win32.Build.0 = Release|Win32
		{917836A4-0DDC-47BE-B930-1B3BFDF6C940}.Release|x64.ActiveCfg = Release|x64
		{917836A4-0DDC-47BE-B930-1B3BFDF6C940}.Release|x64.Build.0 = Release|x64
		{917836A4-0DDC-47BE-B930-1B3BFDF6C940}.Release|x86.ActiveCfg = Release|Win32
		{917836A4-0DDC-47BE-B930-1B3BFDF6C940}.Release|x86.Build.0 = Release|Win32
		{3A8BFA74-5C22-4281-A399-48E81745730A}.Debug_vs2013|Win32.ActiveCfg = debug_vs2013|Win32
		{3A8BFA74-5C22-4281-A399-48E81745730A}.Debug_vs2013|Win32.Build.0 = debug_vs2013|Win32
		{3A8BFA74-5C22-4281-A399-48E81745730A}.Debug_vs2013|x64.ActiveCfg = debug_vs2013|x64
		{3A8BFA74-5C22-4281-A399-48E81745730A}.Debug_vs2013|x64.Build.0 = debug_vs2013|x64
		{3A8BFA74-5C22-4281-A399-48E81745730A}.Debug_vs2013|x86.ActiveCfg = debug_vs2013|Win32
		{3A8BFA74-5C22-4281-A399-48E81745730A}.Debug_vs2013|x86.Build.0 = debug_vs2013|Win32
		{3A8BFA74-5C22-4281-A399-48E81745730A}.Debug|Win32.ActiveCfg = Debug|Win32
		{3A8BFA74-5C22-4281-A399-48E81745730A}.Debug|Win32.Build.0 = Debug|Win32
		{3A8BFA74-5C22-4281-A399-48E81745730A}.Debug|x64.ActiveCfg = Debug|x64
		{3A8BFA74-5C22-4281-A399-48E81745730A}.Debug|x64.Build.0 = Debug|x64
		{3A8BFA74-5C22-4281-A399-48E81745730A}.Debug|x86.ActiveCfg = Debug|Win32
		{3A8BFA74-5C22-4281-A399-48E81745730A}.Debug|x86.Build.0 = Debug|Win32
		{3A8BFA74-5C22-4281-A399-48E81745730A}.release_v2013|Win32.ActiveCfg = release_v2013|Win32
		{3A8BFA74-5C22-4281-A399-48E81745730A}.release_v2013|Win32.Build.0 = release_v2013|Win32
		{3A8BFA74-5C22-4281-A399-48E81745730A}.release_v2013|x64.ActiveCfg = release_v2013|x64
		{3A8BFA74-5C22-4281-A399-48E81745730A}.release_v2013|x64.Build.0 = release_v2013|x64
		{3A8BFA74-5C22-4281-A399-48E81745730A}.release_v2013|x86.ActiveCfg = release_v2013|Win32
		{3A8BFA74-5C22-4281-A399-48E81745730A}.release_v2013|x86.Build.0 = release_v2013|Win32
		{3A8BFA74-5C22-4281-A399-48E81745730A}.Release_vs2013|Win32.ActiveCfg = release_v2013|Win32
		{3A8BFA74-5C22-4281-A399-48E81745730A}.Release_vs2013|Win32.Build.0 = release_v2013|Win32
		{3A8BFA74-5C22-4281-A399-48E81745730A}.Release_vs2013|x64.ActiveCfg = release_v2013|x64
		{3A8BFA74-5C22-4281-A399-48E81745730A}.Release_vs2013|x64.Build.0 = release_v2013|x64
		{3A8BFA74-5C22-4281-A399-48E81745730A}.Release_vs2013|x86.ActiveCfg = release_v2013|Win32
		{3A8BFA74-5C22-4281-A399-48E81745730A}.Release_vs2013|x86.Build.0 = release_v2013|Win32
		{3A8BFA74-5C22-4281-A399-48E81745730A}.Release|Win32.ActiveCfg = Release|Win32
		{3A8BFA74-5C22-4281-A399-48E81745730A}.Release|Win32.Build.0 = Release|Win32
		{3A8BFA74-5C22-4281-A399-48E81745730A}.Release|x64.ActiveCfg = Release|x64
		{3A8BFA74-5C22-4281-A399-48E81745730A}.Release|x64.Build.0 = Release|x64
		{3A8BFA74-5C22-4281-A399-48E81745730A}.Release|x86.ActiveCfg = Release|Win32
		{3A8BFA74-5C22-4281-A399-48E81745730A}.Release|x86.Build.0 = Release|Win32
		{7FC0B1D5-83F8-4088-A723-9B6ED42F1141}.Debug_vs2013|Win32.ActiveCfg = debug_vs2013|Win32
		{7FC0B1D5-83F8-4088-A723-9B6ED42F1141}.Debug_vs2013|Win32.Build.0 = debug_vs2013|Win32
		{7FC0B1D5-83F8-4088-A723-9B6ED42F1141}.Debug_vs2013|x64.ActiveCfg = debug_vs2013|x64
		{7FC0B1D5-83F8-4088-A723-9B6ED42F1141}.Debug_vs2013|x64.Build.0 = debug_vs2013|x64
		{7FC0B1D5-83F8-4088-A723-9B6ED42F1141}.Debug_vs2013|x86.ActiveCfg = debug_vs2013|Win32
		{7FC0B1D5-83F8-4088-A723-9B6ED42F1141}.Debug_vs2013|x86.Build.0 = debug_vs2013|Win32
		{7FC0B1D5-83F8-4088-A723-9B6ED42F1141}.Debug|Win32.ActiveCfg = Debug|Win32
		{7FC0B1D5-83F8-4088-A723-9B6ED42F1141}.Debug|Win32.Build.0 = Debug|Win32
		{7FC0B1D5-83F8-4088-A723-9B6ED42F1141}.Debug|x64.ActiveCfg = Debug|x64
		{7FC0B1D5-83F8-4088-A723-9B6ED42F1141}.Debug|x64.Build.0 = Debug|x64
		{7FC0B1D5-83F8-4088-A723-9B6ED42F1141}.Debug|x86.ActiveCfg = Debug|Win32
		{7FC0B1D5-83F8-4088-A723-9B6ED42F1141}.Debug|x86.Build.0 = Debug|Win32
		{7FC0B1D5-83F8-4088-A723-9B6ED42F1141}.release_v2013|Win32.ActiveCfg = release_v2013|Win32
		{7FC0B1D5-83F8-4088-A723-9B6ED42F1141}.release_v2013|Win32.Build.0 = release_v2013|Win32
		{7FC0B1D5-83F8-4088-A723-9B6ED42F1141}.release_v2013|x64.ActiveCfg = release_v2013|x64
		{7FC0B1D5-83F8-4088-A723-9B6ED42F1141}.release_v2013|x64.Build.0 = release_v2013|x64
		{7FC0B1D5-83F8-4088-A723-9B6ED42F1141}.release_v2013|x86.ActiveCfg = release_v2013|Win32
		{7FC0B1D5-83F8-4088-A723-9B6ED42F1141}.release_v2013|x86.Build.0 = release_v2013|Win32
		{7FC0B1D5-83F8-4088-A723-9B6ED42F1141}.Release_vs2013|Win32.ActiveCfg = release_v2013|Win32
		{7FC0B1D5-83F8-4088-A723-9B6ED42F1141}.Release_vs2013|Win32.Build.0 = release_v2013|Win32
		{7FC0B1D5-83F8-4088-A723-9B6ED42F1141}.Release_vs2013|x64.ActiveCfg = release_v2013|x64
		{7FC0B1D5-83F8-4088-A723-9B6ED42F1141}.Release_vs2013|x64.Build.0 = release_v2013|x64
		{7FC0B1D5-83F8-4088-A723-9B6ED42F1141}.Release_vs2013|x86.ActiveCfg = release_v2013|Win32
		{7FC0B1D5-83F8-4088-A723-9B6ED42F1141}.Release_vs2013|x86.Build.0 = release_v2013|Win32
		{7FC0B1D5-83F8-4088-A723-9B6ED42F1141}.Release|Win32.ActiveCfg = Release|Win32
		{7FC0B1D5-83F8-4088-A723-9B6ED42F1141}.Release|Win32.Build.0 = Release|Win32
		{7FC0B1D5-83F8-4088-A723-9B6ED42F1141}.Release|x64.ActiveCfg = Release|x64
		{7FC0B1D5-83F8-4088-A723-9B6ED42F1141}.Release|x64.Build.0 = Release|x64
		{7FC0B1D5-83F8-4088-A723-9B6ED42F1141}.Release|x86.ActiveCfg = Release|Win32
		{7FC0B1D5-83F8-4088-A723-9B6ED42F1141}.Release|x86.Build.0 = Release|Win32
		{6B834713-11FF-4E58-A703-5CC3E02CBD4D}.Debug_vs2013|Win32.ActiveCfg = debug_vs2013|Win32
		{6B834713-11FF-4E58-A703-5CC3E02CBD4D}.Debug_vs2013|Win32.Build.0 = debug_vs2013|Win32
		{6B834713-11FF-4E58-A703-5CC3E02CBD4D}.Debug_vs2013|x64.ActiveCfg = debug_vs2013|x64
		{6B834713-11FF-4E58-A703-5CC3E02CBD4D}.Debug_vs2013|x64.Build.0 = debug_vs2013|x64
		{6B834713-11FF-4E58-A703-5CC3E02CBD4D}.Debug_vs2013|x86.ActiveCfg = debug_vs2013|Win32
		{6B834713-11FF-4E58-A703-5CC3E02CBD4D}.Debug_vs2013|x86.Build.0 = debug_vs2013|Win32
		{6B834713-11FF-4E58-A703-5CC3E02CBD4D}.Debug|Win32.ActiveCfg = Debug|Win32
		{6B834713-11FF-4E58-A703-5CC3E02CBD4D}.Debug|Win32.Build.0 = Debug|Win32
		{6B834713-11FF-4E58-A703-5CC3E02CBD4D}.Debug|x64.ActiveCfg = Debug|x64
		{6B834713-11FF-4E58-A703-5CC3E02CBD4D}.Debug|x64.Build.0 = Debug|x64
		{6B834713-11FF-4E58-A703-5CC3E02CBD4D}.Debug|x86.ActiveCfg = Debug|Win32
		{6B834713-11FF-4E58-A703-5CC3E02CBD4D}.Debug|x86.Build.0 = Debug|Win32
		{6B834713-11FF-4E58-A703-5CC3E02CBD4D}.release_v2013|Win32.ActiveCfg = release_v2013|Win32
		{6B834713-11FF-4E58-A703-5CC3E02CBD4D}.release_v2013|Win32.Build.0 = release_v2013|Win32
		{6B834713-11FF-4E58-A703-5CC3E02CBD4D}.release_v2013|x64.ActiveCfg = release_v2013|x64
		{6B834713-11FF-4E58-A703-5CC3E02CBD4D}.release_v2013|x64.Build.0 = release_v2013|x64
		{6B834713-11FF-4E58-A703-5CC3E02CBD4D}.release_v2013|x86.ActiveCfg = release_v2013|Win32
		{6B834713-11FF-4E58-A703-5CC3E02CBD4D}.release_v2013|x86.Build.0 = release_v2013|Win32
		{6B834713-11FF-4E58-A703-5CC3E02CBD4D}.Release_vs2013|Win32.ActiveCfg = release_v2013|Win32
		{6B834713-11FF-4E58-A703-5CC3E02CBD4D}.Release_vs2013|Win32.Build.0 = release_v2013|Win32
		{6B834713-11FF-4E58-A703-5CC3E02CBD4D}.Release_vs2013|x64.ActiveCfg = release_v2013|x64
		{6B834713-11FF-4E58-A703-5CC3E02CBD4D}.Release_vs2013|x64.Build.0 = release_v2013|x64
		{6B834713-11FF-4E58-A703-5CC3E02CBD4D}.Release_vs2013|x86.ActiveCfg = release_v2013|Win32
		{6B834713-11FF-4E58-A703-5CC3E02CBD4D}.Release_vs2013|x86.Build.0 = release_v2013|Win32
		{6B834713-11FF-4E58-A703-5CC3E02CBD4D}.Release|Win32.ActiveCfg = Release|Win32
		{6B834713-11FF-4E58-A703-5CC3E02CBD4D}.Release|Win32.Build.0 = Release|Win32
		{6B834713-11FF-4E58-A703-5CC3E02CBD4D}.Release|x64.ActiveCfg = Release|x64
		{6B834713-11FF-4E58-A703-5CC3E02CBD4D}.Release|x64.Build.0 = Release|x64
		{6B834713-11FF-4E58-A703-5CC3E02CBD4D}.Release|x86.ActiveCfg = Release|Win32
		{6B834713-11FF-4E58-A703-5CC3E02CBD4D}.Release|x86.Build.0 = Release|Win32
		{8097B4B3-2607-43D8-A2E4-372A6761F605}.Debug_vs2013|Win32.ActiveCfg = debug_vs2013|Win32
		{8097B4B3-2607-43D8-A2E4-372A6761F605}.Debug_vs2013|Win32.Build.0 = debug_vs2013|Win32
		{8097B4B3-2607-43D8-A2E4-372A6761F605}.Debug_vs2013|x64.ActiveCfg = debug_vs2013|x64
		{8097B4B3-2607-43D8-A2E4-372A6761F605}.Debug_vs2013|x64.Build.0 = debug_vs2013|x64
		{8097B4B3-2607-43D8-A2E4-372A6761F605}.Debug_vs2013|x86.ActiveCfg = debug_vs2013|Win32
		{8097B4B3-2607-43D8-A2E4-372A6761F605}.Debug_vs2013|x86.Build.0 = debug_vs2013|Win32
		{8097B4B3-2607-43D8-A2E4-372A6761F605}.Debug|Win32.ActiveCfg = Debug|Win32
		{8097B4B3-2607-43D8-A2E4-372A6761F605}.Debug|Win32.Build.0 = Debug|Win32
		{8097B4B3-2607-43D8-A2E4-372A6761F605}.Debug|x64.ActiveCfg = Debug|x64
		{8097B4B3-2607-43D8-A2E4-372A6761F605}.Debug|x64.Build.0 = Debug|x64
		{8097B4B3-2607-43D8-A2E4-372A6761F605}.Debug|x86.ActiveCfg = Debug|Win32
		{8097B4B3-2607-43D8-A2E4-372A6761F605}.Debug|x86.Build.0 = Debug|Win32
		{8097B4B3-2607-43D8-A2E4-372A6761F605}.release_v2013|Win32.ActiveCfg = release_v2013|Win32
		{8097B4B3-2607-43D8-A2E4-372A6761F605}.release_v2013|Win32.Build.0 = release_v2013|Win32
		{8097B4B3-2607-43D8-A2E4-372A6761F605}.release_v2013|x64.ActiveCfg = release_v2013|x64
		{8097B4B3-2607-43D8-A2E4-372A6761F605}.release_v2013|x64.Build.0 = release_v2013|x64
		{8097B4B3-2607-43D8-A2E4-372A6761F605}.release_v2013|x86.ActiveCfg = release_v2013|Win32
		{8097B4B3-2607-43D8-A2E4-372A6761F605}.release_v2013|x86.Build.0 = release_v2013|Win32
		{8097B4B3-2607-43D8-A2E4-372A6761F605}.Release_vs2013|Win32.ActiveCfg = release_v2013|Win32
		{8097B4B3-2607-43D8-A2E4-372A6761F605}.Release_vs2013|Win32.Build.0 = release_v2013|Win32
		{8097B4B3-2607-43D8-A2E4-372A6761F605}.Release_vs2013|x64.ActiveCfg = release_v2013|x64
		{8097B4B3-2607-43D8-A2E4-372A6761F605}.Release_vs2013|x64.Build.0 = release_v2013|x64
		{8097B4B3-2607-43D8-A2E4-372A6761F605}.Release_vs2013|x86.ActiveCfg = release_v2013|Win32
		{8097B4B3-2607-43D8-A2E4-372A6761F605}.Release_vs2013|x86.Build.0 = release_v2013|Win32
		{8097B4B3-2607-43D8-A2E4-372A6761F605}.Release|Win32.ActiveCfg = Release|Win32
		{8097B4B3-2607-43D8-A2E4-372A6761F605}.Release|Win32.Build.0 = Release|Win32
		{8097B4B3-2607-43D8-A2E4-372A6761F605}.Release|x64.ActiveCfg = Release|x64
		{8097B4B3-2607-43D8-A2E4-372A6761F605}.Release|x64.Build.0 = Release|x64
		{8097B4B3-2607-43D8-A2E4-372A6761F605}.Release|x86.ActiveCfg = Release|Win32
		{8097B4B3-2607-43D8-A2E4-372A6761F605}.Release|x86.Build.0 = Release|Win32
		{7937D597-94D6-49CE-A02E-7B0B62925A24}.Debug_vs2013|Win32.ActiveCfg = debug_vs2013|Win32
		{7937D597-94D6-49CE-A02E-7B0B62925A24}.Debug_vs2013|Win32.Build.0 = debug_vs2013|Win32
		{7937D597-94D6-49CE-A02E-7B0B62925A24}.Debug_vs2013|x64.ActiveCfg = debug_vs2013|x64
		{7937D597-94D6-49CE-A02E-7B0B62925A24}.Debug_vs2013|x64.Build.0 = debug_vs2013|x64
		{7937D597-94D6-49CE-A02E-7B0B62925A24}.Debug_vs2013|x86.ActiveCfg = debug_vs2013|Win32
		{7937D597-94D6-49CE-A02E-7B0B62925A24}.Debug_vs2013|x86.Build.0 = debug_vs2013|Win32
		{7937D597-94D6-49CE-A02E-7B0B62925A24}.Debug|Win32.ActiveCfg = Debug|Win32
		{7937D597-94D6-49CE-A02E-7B0B62925A24}.Debug|Win32.Build.0 = Debug|Win32
		{7937D597-94D6-49CE-A02E-7B0B62925A24}.Debug|x64.ActiveCfg = Debug|x64
		{7937D597-94D6-49CE-A02E-7B0B62925A24}.Debug|x64.Build.0 = Debug|x64
		{7937D597-94D6-49CE-A02E-7B0B62925A24}.Debug|x86.ActiveCfg = Debug|Win32
		{7937D597-94D6-49CE-A02E-7B0B62925A24}.Debug|x86.Build.0 = Debug|Win32
		{7937D597-94D6-49CE-A02E-7B0B62925A24}.release_v2013|Win32.ActiveCfg = release_v2013|Win32
		{7937D597-94D6-49CE-A02E-7B0B62925A24}.release_v2013|Win32.Build.0 = release_v2013|Win32
		{7937D597-94D6-49CE-A02E-7B0B62925A24}.release_v2013|x64.ActiveCfg = release_v2013|x64
		{7937D597-94D6-49CE-A02E-7B0B62925A24}.release_v2013|x64.Build.0 = release_v2013|x64
		{7937D597-94D6-49CE-A02E-7B0B62925A24}.release_v2013|x86.ActiveCfg = release_v2013|Win32
		{7937D597-94D6-49CE-A02E-7B0B62925A24}.release_v2013|x86.Build.0 = release_v2013|Win32
		{7937D597-94D6-49CE-A02E-7B0B62925A24}.Release_vs2013|Win32.ActiveCfg = release_v2013|Win32
		{7937D597-94D6-49CE-A02E-7B0B62925A24}.Release_vs2013|Win32.Build.0 = release_v2013|Win32
		{7937D597-94D6-49CE-A02E-7B0B62925A24}.Release_vs2013|x64.ActiveCfg = release_v2013|x64
		{7937D597-94D6-49CE-A02E-7B0B62925A24}.Release_vs2013|x64.Build.0 = release_v2013|x64
		{7937D597-94D6-49CE-A02E-7B0B62925A24}.Release_vs2013|x86.ActiveCfg = release_v2013|Win32
		{7937D597-94D6-49CE-A02E-7B0B62925A24}.Release_vs2013|x86.Build.0 = release_v2013|Win32
		{7937D597-94D6-49CE-A02E-7B0B62925A24}.Release|Win32.ActiveCfg = Release|Win32
		{7937D597-94D6-49CE-A02E-7B0B62925A24}.Release|Win32.Build.0 = Release|Win32
		{7937D597-94D6-49CE-A02E-7B0B62925A24}.Release|x64.ActiveCfg = Release|x64
		{7937D597-94D6-49CE-A02E-7B0B62925A24}.Release|x64.Build.0 = Release|x64
		{7937D597-94D6-49CE-A02E-7B0B62925A24}.Release|x86.ActiveCfg = Release|Win32
		{7937D597-94D6-49CE-A02E-7B0B62925A24}.Release|x86.Build.0 = Release|Win32
		{49E4FAB7-EB14-44CF-992C-B10021429D8F}.Debug_vs2013|Win32.ActiveCfg = debug_vs2013|Win32
		{49E4FAB7-EB14-44CF-992C-B10021429D8F}.Debug_vs2013|Win32.Build.0 = debug_vs2013|Win32
		{49E4FAB7-EB14-44CF-992C-B10021429D8F}.Debug_vs2013|x64.ActiveCfg = debug_vs2013|x64
		{49E4FAB7-EB14-44CF-992C-B10021429D8F}.Debug_vs2013|x64.Build.0 = debug_vs2013|x64
		{49E4FAB7-EB14-44CF-992C-B10021429D8F}.Debug_vs2013|x86.ActiveCfg = debug_vs2013|Win32
		{49E4FAB7-EB14-44CF-992C-B10021429D8F}.Debug_vs2013|x86.Build.0 = debug_vs2013|Win32
		{49E4FAB7-EB14-44CF-992C-B10021429D8F}.Debug|Win32.ActiveCfg = Debug|Win32
		{49E4FAB7-EB14-44CF-992C-B10021429D8F}.Debug|Win32.Build.0 = Debug|Win32
		{49E4FAB7-EB14-44CF-992C-B10021429D8F}.Debug|x64.ActiveCfg = Debug|x64
		{49E4FAB7-EB14-44CF-992C-B10021429D8F}.Debug|x64.Build.0 = Debug|x64
		{49E4FAB7-EB14-44CF-992C-B10021429D8F}.Debug|x86.ActiveCfg = Debug|Win32
		{49E4FAB7-EB14-44CF-992C-B10021429D8F}.Debug|x86.Build.0 = Debug|Win32
		{49E4FAB7-EB14-44CF-992C-B10021429D8F}.release_v2013|Win32.ActiveCfg = release_v2013|Win32
		{49E4FAB7-EB14-44CF-992C-B10021429D8F}.release_v2013|Win32.Build.0 = release_v2013|Win32
		{49E4FAB7-EB14-44CF-992C-B10021429D8F}.release_v2013|x64.ActiveCfg = release_v2013|x64
		{49E4FAB7-EB14-44CF-992C-B10021429D8F}.release_v2013|x64.Build.0 = release_v2013|x64
		{49E4FAB7-EB14-44CF-992C-B10021429D8F}.release_v2013|x86.ActiveCfg = release_v2013|Win32
		{49E4FAB7-EB14-44CF-992C-B10021429D8F}.release_v2013|x86.Build.0 = release_v2013|Win32
		{49E4FAB7-EB14-44CF-992C-B10021429D8F}.Release_vs2013|Win32.ActiveCfg = release_v2013|Win32
		{49E4FAB7-EB14-44CF-992C-B10021429D8F}.Release_vs2013|Win32.Build.0 = release_v2013|Win32
		{49E4FAB7-EB14-44CF-992C-B10021429D8F}.Release_vs2013|x64.ActiveCfg = release_v2013|x64
		{49E4FAB7-EB14-44CF-992C-B10021429D8F}.Release_vs2013|x64.Build.0 = release_v2013|x64
		{49E4FAB7-EB14-44CF-992C-B10021429D8F}.Release_vs2013|x86.ActiveCfg = release_v2013|Win32
		{49E4FAB7-EB14-44CF-992C-B10021429D8F}.Release_vs2013|x86.Build.0 = release_v2013|Win32
		{49E4FAB7-EB14-44CF-992C-B10021429D8F}.Release|Win32.ActiveCfg = Release|Win32
		{49E4FAB7-EB14-44CF-992C-B10021429D8F}.Release|Win32.Build.0 = Release|Win32
		{49E4FAB7-EB14-44CF-992C-B10021429D8F}.Release|x64.ActiveCfg = Release|x64
		{49E4FAB7-EB14-44CF-992C-B10021429D8F}.Release|x64.Build.0 = Release|x64
		{49E4FAB7-EB14-44CF-992C-B10021429D8F}.Release|x86.ActiveCfg = Release|Win32
		{49E4FAB7-EB14-44CF-992C-B10021429D8F}.Release|x86.Build.0 = Release|Win32
		{30A5245F-400D-410C-BEEA-20DE3170C5FD}.Debug_vs2013|Win32.ActiveCfg = debug_vs2013|Win32
		{30A5245F-400D-410C-BEEA-20DE3170C5FD}.Debug_vs2013|Win32.Build.0 = debug_vs2013|Win32
		{30A5245F-400D-410C-BEEA-20DE3170C5FD}.Debug_vs2013|x64.ActiveCfg = debug_vs2013|x64
		{30A5245F-400D-410C-BEEA-20DE3170C5FD}.Debug_vs2013|x64.Build.0 = debug_vs2013|x64
		{30A5245F-400D-410C-BEEA-20DE3170C5FD}.Debug_vs2013|x86.ActiveCfg = debug_vs2013|Win32
		{30A5245F-400D-410C-BEEA-20DE3170C5FD}.Debug_vs2013|x86.Build.0 = debug_vs2013|Win32
		{30A5245F-400D-410C-BEEA-20DE3170C5FD}.Debug|Win32.ActiveCfg = Debug|Win32
		{30A5245F-400D-410C-BEEA-20DE3170C5FD}.Debug|Win32.Build.0 = Debug|Win32
		{30A5245F-400D-410C-BEEA-20DE3170C5FD}.Debug|x64.ActiveCfg = Debug|x64
		{30A5245F-400D-410C-BEEA-20DE3170C5FD}.Debug|x64.Build.0 = Debug|x64
		{30A5245F-400D-410C-BEEA-20DE3170C5FD}.Debug|x86.ActiveCfg = Debug|Win32
		{30A5245F-400D-410C-BEEA-20DE3170C5FD}.Debug|x86.Build.0 = Debug|Win32
		{30A5245F-400D-410C-BEEA-20DE3170C5FD}.release_v2013|Win32.ActiveCfg = release_v2013|Win32
		{30A5245F-400D-410C-BEEA-20DE3170C5FD}.release_v2013|Win32.Build.0 = release_v2013|Win32
		{30A5245F-400D-410C-BEEA-20DE3170C5FD}.release_v2013|x64.ActiveCfg = release_v2013|x64
		{30A5245F-400D-410C-BEEA-20DE3170C5FD}.release_v2013|x64.Build.0 = release_v2013|x64
		{30A5245F-400D-410C-BEEA-20DE3170C5FD}.release_v2013|x86.ActiveCfg = release_v2013|Win32
		{30A5245F-400D-410C-BEEA-20DE3170C5FD}.release_v2013|x86.Build.0 = release_v2013|Win32
		{30A5245F-400D-410C-BEEA-20DE3170C5FD}.Release_vs2013|Win32.ActiveCfg = release_v2013|Win32
		{30A5245F-400D-410C-BEEA-20DE3170C5FD}.Release_vs2013|Win32.Build.0 = release_v2013|Win32
		{30A5245F-400D-410C-BEEA-20DE3170C5FD}.Release_vs2013|x64.ActiveCfg = release_v2013|x64
		{30A5245F-400D-410C-BEEA-20DE3170C5FD}.Release_vs2013|x64.Build.0 = release_v2013|x64
		{30A5245F-400D-410C-BEEA-20DE3170C5FD}.Release_vs2013|x86.ActiveCfg = release_v2013|Win32
		{30A5245F-400D-410C-BEEA-20DE3170C5FD}.Release_vs2013|x86.Build.0 = release_v2013|Win32
		{30A5245F-400D-410C-BEEA-20DE3170C5FD}.Release|Win32.ActiveCfg = Release|Win32
		{30A5245F-400D-410C-BEEA-20DE3170C5FD}.Release|Win32.Build.0 = Release|Win32
		{30A5245F-400D-410C-BEEA-20DE3170C5FD}.Release|x64.ActiveCfg = Release|x64
		{30A5245F-400D-410C-BEEA-20DE3170C5FD}.Release|x64.Build.0 = Release|x64
		{30A5245F-400D-410C-BEEA-20DE3170C5FD}.Release|x86.ActiveCfg = Release|Win32
		{30A5245F-400D-410C-BEEA-20DE3170C5FD}.Release|x86.Build.0 = Release|Win32
		{5599D655-9882-4135-B03F-78638C0ECB34}.Debug_vs2013|Win32.ActiveCfg = debug_vs2013|Win32
		{5599D655-9882-4135-B03F-78638C0ECB34}.Debug_vs2013|Win32.Build.0 = debug_vs2013|Win32
		{5599D655-9882-4135-B03F-78638C0ECB34}.Debug_vs2013|x64.ActiveCfg = debug_vs2013|x64
		{5599D655-9882-4135-B03F-78638C0ECB34}.Debug_vs2013|x64.Build.0 = debug_vs2013|x64
		{5599D655-9882-4135-B03F-78638C0ECB34}.Debug_vs2013|x86.ActiveCfg = debug_vs2013|Win32
		{5599D655-9882-4135-B03F-78638C0ECB34}.Debug_vs2013|x86.Build.0 = debug_vs2013|Win32
		{5599D655-9882-4135-B03F-78638C0ECB34}.Debug|Win32.ActiveCfg = Debug|Win32
		{5599D655-9882-4135-B03F-78638C0ECB34}.Debug|Win32.Build.0 = Debug|Win32
		{5599D655-9882-4135-B03F-78638C0ECB34}.Debug|x64.ActiveCfg = Debug|x64
		{5599D655-9882-4135-B03F-78638C0ECB34}.Debug|x64.Build.0 = Debug|x64
		{5599D655-9882-4135-B03F-78638C0ECB34}.Debug|x86.ActiveCfg = Debug|Win32
		{5599D655-9882-4135-B03F-78638C0ECB34}.Debug|x86.Build.0 = Debug|Win32
		{5599D655-9882-4135-B03F-78638C0ECB34}.release_v2013|Win32.ActiveCfg = release_v2013|Win32
		{5599D655-9882-4135-B03F-78638C0ECB34}.release_v2013|Win32.Build.0 = release_v2013|Win32
		{5599D655-9882-4135-B03F-78638C0ECB34}.release_v2013|x64.ActiveCfg = release_v2013|x64
		{5599D655-9882-4135-B03F-78638C0ECB34}.release_v2013|x64.Build.0 = release_v2013|x64
		{5599D655-9882-4135-B03F-78638C0ECB34}.release_v2013|x86.ActiveCfg = release_v2013|Win32
		{5599D655-9882-4135-B03F-78638C0ECB34}.release_v2013|x86.Build.0 = release_v2013|Win32
		{5599D655-9882-4135-B03F-78638C0ECB34}.Release_vs2013|Win32.ActiveCfg = release_v2013|Win32
		{5599D655-9882-4135-B03F-78638C0ECB34}.Release_vs2013|Win32.Build.0 = release_v2013|Win32
		{5599D655-9882-4135-B03F-78638C0ECB34}.Release_vs2013|x64.ActiveCfg = release_v2013|x64
		{5599D655-9882-4135-B03F-78638C0ECB34}.Release_vs2013|x64.Build.0 = release_v2013|x64
		{5599D655-9882-4135-B03F-78638C0ECB34}.Release_vs2013|x86.ActiveCfg = release_v2013|Win32
		{5599D655-9882-4135-B03F-78638C0ECB34}.Release_vs2013|x86.Build.0 = release_v2013|Win32
		{5599D655-9882-4135-B03F-78638C0ECB34}.Release|Win32.ActiveCfg = Release|Win32
		{5599D655-9882-4135-B03F-78638C0ECB34}.Release|Win32.Build.0 = Release|Win32
		{5599D655-9882-4135-B03F-78638C0ECB34}.Release|x64.ActiveCfg = Release|x64
		{5599D655-9882-4135-B03F-78638C0ECB34}.Release|x64.Build.0 = Release|x64
		{5599D655-9882-4135-B03F-78638C0ECB34}.Release|x86.ActiveCfg = Release|Win32
		{5599D655-9882-4135-B03F-78638C0ECB34}.Release|x86.Build.0 = Release|Win32
		{231E1557-F201-402F-A6C8-6E5FBD0FEFE4}.Debug_vs2013|Win32.ActiveCfg = debug_vs2013|Win32
		{231E1557-F201-402F-A6C8-6E5FBD0FEFE4}.Debug_vs2013|Win32.Build.0 = debug_vs2013|Win32
		{231E1557-F201-402F-A6C8-6E5FBD0FEFE4}.Debug_vs2013|x64.ActiveCfg = debug_vs2013|x64
		{231E1557-F201-402F-A6C8-6E5FBD0FEFE4}.Debug_vs2013|x64.Build.0 = debug_vs2013|x64
		{231E1557-F201-402F-A6C8-6E5FBD0FEFE4}.Debug_vs2013|x86.ActiveCfg = debug_vs2013|Win32
		{231E1557-F201-402F-A6C8-6E5FBD0FEFE4}.Debug_vs2013|x86.Build.0 = debug_vs2013|Win32
		{231E1557-F201-402F-A6C8-6E5FBD0FEFE4}.Debug|Win32.ActiveCfg = Debug|Win32
		{231E1557-F201-402F-A6C8-6E5FBD0FEFE4}.Debug|Win32.Build.0 = Debug|Win32
		{231E1557-F201-402F-A6C8-6E5FBD0FEFE4}.Debug|x64.ActiveCfg = Debug|x64
		{231E1557-F201-402F-A6C8-6E5FBD0FEFE4}.Debug|x64.Build.0 = Debug|x64
		{231E1557-F201-402F-A6C8-6E5FBD0FEFE4}.Debug|x86.ActiveCfg = Debug|Win32
		{231E1557-F201-402F-A6C8-6E5FBD0FEFE4}.Debug|x86.Build.0 = Debug|Win32
		{231E1557-F201-402F-A6C8-6E5FBD0FEFE4}.release_v2013|Win32.ActiveCfg = release_v2013|Win32
		{231E1557-F201-402F-A6C8-6E5FBD0FEFE4}.release_v2013|Win32.Build.0 = release_v2013|Win32
		{231E1557-F201-402F-A6C8-6E5FBD0FEFE4}.release_v2013|x64.ActiveCfg = release_v2013|x64
		{231E1557-F201-402F-A6C8-6E5FBD0FEFE4}.release_v2013|x64.Build.0 = release_v2013|x64
		{231E1557-F201-402F-A6C8-6E5FBD0FEFE4}.release_v2013|x86.ActiveCfg = release_v2013|Win32
		{231E1557-F201-402F-A6C8-6E5FBD0FEFE4}.release_v2013|x86.Build.0 = release_v2013|Win32
		{231E1557-F201-402F-A6C8-6E5FBD0FEFE4}.Release_vs2013|Win32.ActiveCfg = release_v2013|Win32
		{231E1557-F201-402F-A6C8-6E5FBD0FEFE4}.Release_vs2013|Win32.Build.0 = release_v2013|Win32
		{231E1557-F201-402F-A6C8-6E5FBD0FEFE4}.Release_vs2013|x64.ActiveCfg = release_v2013|x64
		{231E1557-F201-402F-A6C8-6E5FBD0FEFE4}.Release_vs2013|x64.Build.0 = release_v2013|x64
		{231E1557-F201-402F-A6C8-6E5FBD0FEFE4}.Release_vs2013|x86.ActiveCfg = release_v2013|Win32
		{231E1557-F201-402F-A6C8-6E5FBD0FEFE4}.Release_vs2013|x86.Build.0 = release_v2013|Win32
		{231E1557-F201-402F-A6C8-6E5FBD0FEFE4}.Release|Win32.ActiveCfg = Release|Win32
		{231E1557-F201-402F-A6C8-6E5FBD0FEFE4}.Release|Win32.Build.0 = Release|Win32
		{231E1557-F201-402F-A6C8-6E5FBD0FEFE4}.Release|x64.ActiveCfg = Release|x64
		{231E1557-F201-402F-A6C8-6E5FBD0FEFE4}.Release|x64.Build.0 = Release|x64
		{231E1557-F201-402F-A6C8-6E5FBD0FEFE4}.Release|x86.ActiveCfg = Release|Win32
		{231E1557-F201-402F-A6C8-6E5FBD0FEFE4}.Release|x86.Build.0 = Release|Win32
		{328975F1-C7DF-49C2-8874-D15D021A7C64}.Debug_vs2013|Win32.ActiveCfg = debug_vs2013|Win32
		{328975F1-C7DF-49C2-8874-D15D021A7C64}.Debug_vs2013|Win32.Build.0 = debug_vs2013|Win32
		{328975F1-C7DF-49C2-8874-D15D021A7C64}.Debug_vs2013|x64.ActiveCfg = debug_vs2013|x64
		{328975F1-C7DF-49C2-8874-D15D021A7C64}.Debug_vs2013|x64.Build.0 = debug_vs2013|x64
		{328975F1-C7DF-49C2-8874-D15D021A7C64}.Debug_vs2013|x86.ActiveCfg = debug_vs2013|Win32
		{328975F1-C7DF-49C2-8874-D15D021A7C64}.Debug_vs2013|x86.Build.0 = debug_vs2013|Win32
		{328975F1-C7DF-49C2-8874-D15D021A7C64}.Debug|Win32.ActiveCfg = Debug|Win32
		{328975F1-C7DF-49C2-8874-D15D021A7C64}.Debug|Win32.Build.0 = Debug|Win32
		{328975F1-C7DF-49C2-8874-D15D021A7C64}.Debug|x64.ActiveCfg = Debug|x64
		{328975F1-C7DF-49C2-8874-D15D021A7C64}.Debug|x64.Build.0 = Debug|x64
		{328975F1-C7DF-49C2-8874-D15D021A7C64}.Debug|x86.ActiveCfg = Debug|Win32
		{328975F1-C7DF-49C2-8874-D15D021A7C64}.Debug|x86.Build.0 = Debug|Win32
		{328975F1-C7DF-49C2-8874-D15D021A7C64}.release_v2013|Win32.ActiveCfg = release_v2013|Win32
		{328975F1-C7DF-49C2-8874-D15D021A7C64}.release_v2013|Win32.Build.0 = release_v2013|Win32
		{328975F1-C7DF-49C2-8874-D15D021A7C64}.release_v2013|x64.ActiveCfg = release_v2013|x64
		{328975F1-C7DF-49C2-8874-D15D021A7C64}.release_v2013|x64.Build.0 = release_v2013|x64
		{328975F1-C7DF-49C2-8874-D15D021A7C64}.release_v2013|x86.ActiveCfg = release_v2013|Win32
		{328975F1-C7DF-49C2-8874-D15D021A7C64}.release_v2013|x86.Build.0 = release_v2013|Win32
		{328975F1-C7DF-49C2-8874-D15D021A7C64}.Release_vs2013|Win32.ActiveCfg = release_v2013|Win32
		{328975F1-C7DF-49C2-8874-D15D021A7C64}.Release_vs2013|Win32.Build.0 = release_v2013|Win32
		{328975F1-C7DF-49C2-8874-D15D021A7C64}.Release_vs2013|x64.ActiveCfg = release_v2013|x64
		{328975F1-C7DF-49C2-8874-D15D021A7C64}.Release_vs2013|x64.Build.0 = release_v2013|x64
		{328975F1-C7DF-49C2-8874-D15D021A7C64}.Release_vs2013|x86.ActiveCfg = release_v2013|Win32
		{328975F1-C7DF-49C2-8874-D15D021A7C64}.Release_vs2013|x86.Build.0 = release_v2013|Win32
		{328975F1-C7DF-49C2-8874-D15D021A7C64}.Release|Win32.ActiveCfg = Release|Win32
		{328975F1-C7DF-49C2-8874-D15D021A7C64}.Release|Win32.Build.0 = Release|Win32
		{328975F1-C7DF-49C2-8874-D15D021A7C64}.Release|x64.ActiveCfg = Release|x64
		{328975F1-C7DF-49C2-8874-D15D021A7C64}.Release|x64.Build.0 = Release|x64
		{328975F1-C7DF-49C2-8874-D15D021A7C64}.Release|x86.ActiveCfg = Release|Win32
		{328975F1-C7DF-49C2-8874-D15D021A7C64}.Release|x86.Build.0 = Release|Win32
		{48285CD8-0CC4-4FB8-B8CA-06C83ADA176D}.Debug_vs2013|Win32.ActiveCfg = debug_vs2013|Win32
		{48285CD8-0CC4-4FB8-B8CA-06C83ADA176D}.Debug_vs2013|Win32.Build.0 = debug_vs2013|Win32
		{48285CD8-0CC4-4FB8-B8CA-06C83ADA176D}.Debug_vs2013|x64.ActiveCfg = debug_vs2013|x64
		{48285CD8-0CC4-4FB8-B8CA-06C83ADA176D}.Debug_vs2013|x64.Build.0 = debug_vs2013|x64
		{48285CD8-0CC4-4FB8-B8CA-06C83ADA176D}.Debug_vs2013|x86.ActiveCfg = debug_vs2013|Win32
		{48285CD8-0CC4-4FB8-B8CA-06C83ADA176D}.Debug_vs2013|x86.Build.0 = debug_vs2013|Win32
		{48285CD8-0CC4-4FB8-B8CA-06C83ADA176D}.Debug|Win32.ActiveCfg = Debug|Win32
		{48285CD8-0CC4-4FB8-B8CA-06C83ADA176D}.Debug|Win32.Build.0 = Debug|Win32
		{48285CD8-0CC4-4FB8-B8CA-06C83ADA176D}.Debug|x64.ActiveCfg = Debug|x64
		{48285CD8-0CC4-4FB8-B8CA-06C83ADA176D}.Debug|x64.Build.0 = Debug|x64
		{48285CD8-0CC4-4FB8-B8CA-06C83ADA176D}.Debug|x86.ActiveCfg = Debug|Win32
		{48285CD8-0CC4-4FB8-B8CA-06C83ADA176D}.Debug|x86.Build.0 = Debug|Win32
		{48285CD8-0CC4-4FB8-B8CA-06C83ADA176D}.release_v2013|Win32.ActiveCfg = release_v2013|Win32
		{48285CD8-0CC4-4FB8-B8CA-06C83ADA176D}.release_v2013|Win32.Build.0 = release_v2013|Win32
		{48285CD8-0CC4-4FB8-B8CA-06C83ADA176D}.release_v2013|x64.ActiveCfg = release_v2013|x64
		{48285CD8-0CC4-4FB8-B8CA-06C83ADA176D}.release_v2013|x64.Build.0 = release_v2013|x64
		{48285CD8-0CC4-4FB8-B8CA-06C83ADA176D}.release_v2013|x86.ActiveCfg = release_v2013|Win32
		{48285CD8-0CC4-4FB8-B8CA-06C83ADA176D}.release_v2013|x86.Build.0 = release_v2013|Win32
		{48285CD8-0CC4-4FB8-B8CA-06C83ADA176D}.Release_vs2013|Win32.ActiveCfg = release_v2013|Win32
		{48285CD8-0CC4-4FB8-B8CA-06C83ADA176D}.Release_vs2013|Win32.Build.0 = release_v2013|Win32
		{48285CD8-0CC4-4FB8-B8CA-06C83ADA176D}.Release_vs2013|x64.ActiveCfg = release_v2013|x64
		{48285CD8-0CC4-4FB8-B8CA-06C83ADA176D}.Release_vs2013|x64.Build.0 = release_v2013|x64
		{48285CD8-0CC4-4FB8-B8CA-06C83ADA176D}.Release_vs2013|x86.ActiveCfg = release_v2013|Win32
		{48285CD8-0CC4-4FB8-B8CA-06C83ADA176D}.Release_vs2013|x86.Build.0 = release_v2013|Win32
		{48285CD8-0CC4-4FB8-B8CA-06C83ADA176D}.Release|Win32.ActiveCfg = Release|Win32
		{48285CD8-0CC4-4FB8-B8CA-06C83ADA176D}.Release|Win32.Build.0 = Release|Win32
		{48285CD8-0CC4-4FB8-B8CA-06C83ADA176D}.Release|x64.ActiveCfg = Release|x64
		{48285CD8-0CC4-4FB8-B8CA-06C83ADA176D}.Release|x64.Build.0 = Release|x64
		{48285CD8-0CC4-4FB8-B8CA-06C83ADA176D}.Release|x86.ActiveCfg = Release|Win32
		{48285CD8-0CC4-4FB8-B8CA-06C83ADA176D}.Release|x86.Build.0 = Release|Win32
		{98480618-5C7F-4299-878E-6D9026D56519}.Debug_vs2013|Win32.ActiveCfg = debug_vs2013|Win32
		{98480618-5C7F-4299-878E-6D9026D56519}.Debug_vs2013|Win32.Build.0 = debug_vs2013|Win32
		{98480618-5C7F-4299-878E-6D9026D56519}.Debug_vs2013|x64.ActiveCfg = debug_vs2013|x64
		{98480618-5C7F-4299-878E-6D9026D56519}.Debug_vs2013|x64.Build.0 = debug_vs2013|x64
		{98480618-5C7F-4299-878E-6D9026D56519}.Debug_vs2013|x86.ActiveCfg = debug_vs2013|Win32
		{98480618-5C7F-4299-878E-6D9026D56519}.Debug_vs2013|x86.Build.0 = debug_vs2013|Win32
		{98480618-5C7F-4299-878E-6D9026D56519}.Debug|Win32.ActiveCfg = Debug|Win32
		{98480618-5C7F-4299-878E-6D9026D56519}.Debug|Win32.Build.0 = Debug|Win32
		{98480618-5C7F-4299-878E-6D9026D56519}.Debug|x64.ActiveCfg = Debug|x64
		{98480618-5C7F-4299-878E-6D9026D56519}.Debug|x64.Build.0 = Debug|x64
		{98480618-5C7F-4299-878E-6D9026D56519}.Debug|x86.ActiveCfg = Debug|Win32
		{98480618-5C7F-4299-878E-6D9026D56519}.Debug|x86.Build.0 = Debug|Win32
		{98480618-5C7F-4299-878E-6D9026D56519}.release_v2013|Win32.ActiveCfg = release_v2013|Win32
		{98480618-5C7F-4299-878E-6D9026D56519}.release_v2013|Win32.Build.0 = release_v2013|Win32
		{98480618-5C7F-4299-878E-6D9026D56519}.release_v2013|x64.ActiveCfg = release_v2013|x64
		{98480618-5C7F-4299-878E-6D9026D56519}.release_v2013|x64.Build.0 = release_v2013|x64
		{98480618-5C7F-4299-878E-6D9026D56519}.release_v2013|x86.ActiveCfg = release_v2013|Win32
		{98480618-5C7F-4299-878E-6D9026D56519}.release_v2013|x86.Build.0 = release_v2013|Win32
		{98480618-5C7F-4299-878E-6D9026D56519}.Release_vs2013|Win32.ActiveCfg = release_v2013|Win32
		{98480618-5C7F-4299-878E-6D9026D56519}.Release_vs2013|Win32.Build.0 = release_v2013|Win32
		{98480618-5C7F-4299-878E-6D9026D56519}.Release_vs2013|x64.ActiveCfg = release_v2013|x64
		{98480618-5C7F-4299-878E-6D9026D56519}.Release_vs2013|x64.Build.0 = release_v2013|x64
		{98480618-5C7F-4299-878E-6D9026D56519}.Release_vs2013|x86.ActiveCfg = release_v2013|Win32
		{98480618-5C7F-4299-878E-6D9026D56519}.Release_vs2013|x86.Build.0 = release_v2013|Win32
		{98480618-5C7F-4299-878E-6D9026D56519}.Release|Win32.ActiveCfg = Release|Win32
		{98480618-5C7F-4299-878E-6D9026D56519}.Release|Win32.Build.0 = Release|Win32
		{98480618-5C7F-4299-878E-6D9026D56519}.Release|x64.ActiveCfg = Release|x64
		{98480618-5C7F-4299-878E-6D9026D56519}.Release|x64.Build.0 = Release|x64
		{98480618-5C7F-4299-878E-6D9026D56519}.Release|x86.ActiveCfg = Release|Win32
		{98480618-5C7F-4299-878E-6D9026D56519}.Release|x86.Build.0 = Release|Win32
	EndGlobalSection
	GlobalSection(SolutionProperties) = preSolution
		HideSolutionNode = FALSE
	EndGlobalSection
EndGlobal
