
Microsoft Visual Studio Solution File, Format Version 12.00
# Visual Studio 14
VisualStudioVersion = 14.0.25420.1
MinimumVisualStudioVersion = 10.0.40219.1
Project("{8BC9CEB8-8B4A-11D0-8D11-00A0C91BC942}") = "logger", "logger\msvc14\logger.vcxproj", "{905FD6F1-E450-4EC9-BF12-F323792C4189}"
	ProjectSection(ProjectDependencies) = postProject
		{3A8BFA74-5C22-4281-A399-48E81745730A} = {3A8BFA74-5C22-4281-A399-48E81745730A}
		{917836A4-0DDC-47BE-B930-1B3BFDF6C940} = {917836A4-0DDC-47BE-B930-1B3BFDF6C940}
	EndProjectSection
EndProject
Project("{8BC9CEB8-8B4A-11D0-8D11-00A0C91BC942}") = "log4cplus", "log4cplus\msvc14\log4cplus.vcxproj", "{917836A4-0DDC-47BE-B930-1B3BFDF6C940}"
EndProject
Project("{8BC9CEB8-8B4A-11D0-8D11-00A0C91BC942}") = "edge_third_party", "edge_third_party\msvc14\edge_thrid_party.vcxproj", "{3A8BFA74-5C22-4281-A399-48E81745730A}"
EndProject
Project("{8BC9CEB8-8B4A-11D0-8D11-00A0C91BC942}") = "dds_base", "dds_base\msvc14\dds_base.vcxproj", "{7FC0B1D5-83F8-4088-A723-9B6ED42F1141}"
	ProjectSection(ProjectDependencies) = postProject
		{3A8BFA74-5C22-4281-A399-48E81745730A} = {3A8BFA74-5C22-4281-A399-48E81745730A}
		{917836A4-0DDC-47BE-B930-1B3BFDF6C940} = {917836A4-0DDC-47BE-B930-1B3BFDF6C940}
		{905FD6F1-E450-4EC9-BF12-F323792C4189} = {905FD6F1-E450-4EC9-BF12-F323792C4189}
	EndProjectSection
EndProject
Project("{8BC9CEB8-8B4A-11D0-8D11-00A0C91BC942}") = "base_data_types", "edge_data_models\topics\base_data_types\msvc14\base_data_types.vcxproj", "{6B834713-11FF-4E58-A703-5CC3E02CBD4D}"
	ProjectSection(ProjectDependencies) = postProject
		{3A8BFA74-5C22-4281-A399-48E81745730A} = {3A8BFA74-5C22-4281-A399-48E81745730A}
		{917836A4-0DDC-47BE-B930-1B3BFDF6C940} = {917836A4-0DDC-47BE-B930-1B3BFDF6C940}
		{7FC0B1D5-83F8-4088-A723-9B6ED42F1141} = {7FC0B1D5-83F8-4088-A723-9B6ED42F1141}
		{905FD6F1-E450-4EC9-BF12-F323792C4189} = {905FD6F1-E450-4EC9-BF12-F323792C4189}
	EndProjectSection
EndProject
Project("{8BC9CEB8-8B4A-11D0-8D11-00A0C91BC942}") = "hoist_objective_state", "edge_data_models\topics\objective_state\hoist\msvc14\hoist_objective_state.vcxproj", "{8097B4B3-2607-43D8-A2E4-372A6761F605}"
	ProjectSection(ProjectDependencies) = postProject
		{6B834713-11FF-4E58-A703-5CC3E02CBD4D} = {6B834713-11FF-4E58-A703-5CC3E02CBD4D}
		{864E7757-72FD-420D-83B6-D6E53C69EFC7} = {864E7757-72FD-420D-83B6-D6E53C69EFC7}
		{3A8BFA74-5C22-4281-A399-48E81745730A} = {3A8BFA74-5C22-4281-A399-48E81745730A}
		{917836A4-0DDC-47BE-B930-1B3BFDF6C940} = {917836A4-0DDC-47BE-B930-1B3BFDF6C940}
		{7FC0B1D5-83F8-4088-A723-9B6ED42F1141} = {7FC0B1D5-83F8-4088-A723-9B6ED42F1141}
		{905FD6F1-E450-4EC9-BF12-F323792C4189} = {905FD6F1-E450-4EC9-BF12-F323792C4189}
	EndProjectSection
EndProject
Project("{8BC9CEB8-8B4A-11D0-8D11-00A0C91BC942}") = "hoist", "edge_data_models\topics\process\hoist\msvc14\hoist.vcxproj", "{864E7757-72FD-420D-83B6-D6E53C69EFC7}"
	ProjectSection(ProjectDependencies) = postProject
		{6B834713-11FF-4E58-A703-5CC3E02CBD4D} = {6B834713-11FF-4E58-A703-5CC3E02CBD4D}
		{3A8BFA74-5C22-4281-A399-48E81745730A} = {3A8BFA74-5C22-4281-A399-48E81745730A}
		{917836A4-0DDC-47BE-B930-1B3BFDF6C940} = {917836A4-0DDC-47BE-B930-1B3BFDF6C940}
		{7FC0B1D5-83F8-4088-A723-9B6ED42F1141} = {7FC0B1D5-83F8-4088-A723-9B6ED42F1141}
		{905FD6F1-E450-4EC9-BF12-F323792C4189} = {905FD6F1-E450-4EC9-BF12-F323792C4189}
	EndProjectSection
EndProject
Project("{8BC9CEB8-8B4A-11D0-8D11-00A0C91BC942}") = "circulate", "edge_data_models\topics\process\circulate\msvc14\circulate.vcxproj", "{8040B276-5FEF-4B8E-BD70-B6E100D09031}"
	ProjectSection(ProjectDependencies) = postProject
		{6B834713-11FF-4E58-A703-5CC3E02CBD4D} = {6B834713-11FF-4E58-A703-5CC3E02CBD4D}
		{3A8BFA74-5C22-4281-A399-48E81745730A} = {3A8BFA74-5C22-4281-A399-48E81745730A}
		{917836A4-0DDC-47BE-B930-1B3BFDF6C940} = {917836A4-0DDC-47BE-B930-1B3BFDF6C940}
		{7FC0B1D5-83F8-4088-A723-9B6ED42F1141} = {7FC0B1D5-83F8-4088-A723-9B6ED42F1141}
		{905FD6F1-E450-4EC9-BF12-F323792C4189} = {905FD6F1-E450-4EC9-BF12-F323792C4189}
	EndProjectSection
EndProject
Project("{8BC9CEB8-8B4A-11D0-8D11-00A0C91BC942}") = "circulate_objective_state", "edge_data_models\topics\objective_state\circulate\msvc14\circulate_objective_state.vcxproj", "{7937D597-94D6-49CE-A02E-7B0B62925A24}"
	ProjectSection(ProjectDependencies) = postProject
		{6B834713-11FF-4E58-A703-5CC3E02CBD4D} = {6B834713-11FF-4E58-A703-5CC3E02CBD4D}
		{3A8BFA74-5C22-4281-A399-48E81745730A} = {3A8BFA74-5C22-4281-A399-48E81745730A}
		{8040B276-5FEF-4B8E-BD70-B6E100D09031} = {8040B276-5FEF-4B8E-BD70-B6E100D09031}
		{917836A4-0DDC-47BE-B930-1B3BFDF6C940} = {917836A4-0DDC-47BE-B930-1B3BFDF6C940}
		{7FC0B1D5-83F8-4088-A723-9B6ED42F1141} = {7FC0B1D5-83F8-4088-A723-9B6ED42F1141}
		{905FD6F1-E450-4EC9-BF12-F323792C4189} = {905FD6F1-E450-4EC9-BF12-F323792C4189}
	EndProjectSection
EndProject
Project("{8BC9CEB8-8B4A-11D0-8D11-00A0C91BC942}") = "rotate_objective_state", "edge_data_models\topics\objective_state\rotate\msvc14\rotate_objective_state.vcxproj", "{49E4FAB7-EB14-44CF-992C-B10021429D8F}"
	ProjectSection(ProjectDependencies) = postProject
		{6B834713-11FF-4E58-A703-5CC3E02CBD4D} = {6B834713-11FF-4E58-A703-5CC3E02CBD4D}
		{3A8BFA74-5C22-4281-A399-48E81745730A} = {3A8BFA74-5C22-4281-A399-48E81745730A}
		{B6416B77-DDD1-4485-A30B-83B4A53EB4C5} = {B6416B77-DDD1-4485-A30B-83B4A53EB4C5}
		{917836A4-0DDC-47BE-B930-1B3BFDF6C940} = {917836A4-0DDC-47BE-B930-1B3BFDF6C940}
		{7FC0B1D5-83F8-4088-A723-9B6ED42F1141} = {7FC0B1D5-83F8-4088-A723-9B6ED42F1141}
		{905FD6F1-E450-4EC9-BF12-F323792C4189} = {905FD6F1-E450-4EC9-BF12-F323792C4189}
	EndProjectSection
EndProject
Project("{8BC9CEB8-8B4A-11D0-8D11-00A0C91BC942}") = "rotate", "edge_data_models\topics\process\rotate\msvc14\rotate.vcxproj", "{B6416B77-DDD1-4485-A30B-83B4A53EB4C5}"
	ProjectSection(ProjectDependencies) = postProject
		{6B834713-11FF-4E58-A703-5CC3E02CBD4D} = {6B834713-11FF-4E58-A703-5CC3E02CBD4D}
		{3A8BFA74-5C22-4281-A399-48E81745730A} = {3A8BFA74-5C22-4281-A399-48E81745730A}
		{917836A4-0DDC-47BE-B930-1B3BFDF6C940} = {917836A4-0DDC-47BE-B930-1B3BFDF6C940}
		{7FC0B1D5-83F8-4088-A723-9B6ED42F1141} = {7FC0B1D5-83F8-4088-A723-9B6ED42F1141}
		{905FD6F1-E450-4EC9-BF12-F323792C4189} = {905FD6F1-E450-4EC9-BF12-F323792C4189}
	EndProjectSection
EndProject
Project("{8BC9CEB8-8B4A-11D0-8D11-00A0C91BC942}") = "wellbore", "edge_data_models\topics\downhole\wellbore\msvc14\wellbore.vcxproj", "{4F490070-3E3B-428B-AA37-28530AB15208}"
	ProjectSection(ProjectDependencies) = postProject
		{6B834713-11FF-4E58-A703-5CC3E02CBD4D} = {6B834713-11FF-4E58-A703-5CC3E02CBD4D}
		{3A8BFA74-5C22-4281-A399-48E81745730A} = {3A8BFA74-5C22-4281-A399-48E81745730A}
		{917836A4-0DDC-47BE-B930-1B3BFDF6C940} = {917836A4-0DDC-47BE-B930-1B3BFDF6C940}
		{7FC0B1D5-83F8-4088-A723-9B6ED42F1141} = {7FC0B1D5-83F8-4088-A723-9B6ED42F1141}
		{905FD6F1-E450-4EC9-BF12-F323792C4189} = {905FD6F1-E450-4EC9-BF12-F323792C4189}
	EndProjectSection
EndProject
Project("{8BC9CEB8-8B4A-11D0-8D11-00A0C91BC942}") = "objective", "edge_data_models\topics\objective\objective\msvc14\objective.vcxproj", "{C2BD4FB1-D8CB-44B9-B6A4-91CDDF487D4E}"
	ProjectSection(ProjectDependencies) = postProject
		{6B834713-11FF-4E58-A703-5CC3E02CBD4D} = {6B834713-11FF-4E58-A703-5CC3E02CBD4D}
		{3A8BFA74-5C22-4281-A399-48E81745730A} = {3A8BFA74-5C22-4281-A399-48E81745730A}
		{917836A4-0DDC-47BE-B930-1B3BFDF6C940} = {917836A4-0DDC-47BE-B930-1B3BFDF6C940}
		{7FC0B1D5-83F8-4088-A723-9B6ED42F1141} = {7FC0B1D5-83F8-4088-A723-9B6ED42F1141}
		{905FD6F1-E450-4EC9-BF12-F323792C4189} = {905FD6F1-E450-4EC9-BF12-F323792C4189}
	EndProjectSection
EndProject
Project("{8BC9CEB8-8B4A-11D0-8D11-00A0C91BC942}") = "wellbore_publisher", "edge_data_models\topics\publishers\wellbore\msvc14\wellbore_publisher.vcxproj", "{48285CD8-0CC4-4FB8-B8CA-06C83ADA176D}"
	ProjectSection(ProjectDependencies) = postProject
		{6B834713-11FF-4E58-A703-5CC3E02CBD4D} = {6B834713-11FF-4E58-A703-5CC3E02CBD4D}
		{4F490070-3E3B-428B-AA37-28530AB15208} = {4F490070-3E3B-428B-AA37-28530AB15208}
		{3A8BFA74-5C22-4281-A399-48E81745730A} = {3A8BFA74-5C22-4281-A399-48E81745730A}
		{917836A4-0DDC-47BE-B930-1B3BFDF6C940} = {917836A4-0DDC-47BE-B930-1B3BFDF6C940}
		{7FC0B1D5-83F8-4088-A723-9B6ED42F1141} = {7FC0B1D5-83F8-4088-A723-9B6ED42F1141}
		{905FD6F1-E450-4EC9-BF12-F323792C4189} = {905FD6F1-E450-4EC9-BF12-F323792C4189}
	EndProjectSection
EndProject
Project("{8BC9CEB8-8B4A-11D0-8D11-00A0C91BC942}") = "wellbore_subscriber", "edge_data_models\topics\subscribers\wellbore\msvc14\wellbore_subscriber.vcxproj", "{7B7F44B6-DC8E-4028-9FE3-EBCCA4639FAD}"
	ProjectSection(ProjectDependencies) = postProject
		{6B834713-11FF-4E58-A703-5CC3E02CBD4D} = {6B834713-11FF-4E58-A703-5CC3E02CBD4D}
		{4F490070-3E3B-428B-AA37-28530AB15208} = {4F490070-3E3B-428B-AA37-28530AB15208}
		{3A8BFA74-5C22-4281-A399-48E81745730A} = {3A8BFA74-5C22-4281-A399-48E81745730A}
		{917836A4-0DDC-47BE-B930-1B3BFDF6C940} = {917836A4-0DDC-47BE-B930-1B3BFDF6C940}
		{7FC0B1D5-83F8-4088-A723-9B6ED42F1141} = {7FC0B1D5-83F8-4088-A723-9B6ED42F1141}
		{905FD6F1-E450-4EC9-BF12-F323792C4189} = {905FD6F1-E450-4EC9-BF12-F323792C4189}
	EndProjectSection
EndProject
Project("{8BC9CEB8-8B4A-11D0-8D11-00A0C91BC942}") = "drilling", "edge_data_models\topics\process\drilling\msvc14\drilling.vcxproj", "{D8B15056-05D8-434D-952B-90C7D39B75D8}"
	ProjectSection(ProjectDependencies) = postProject
		{6B834713-11FF-4E58-A703-5CC3E02CBD4D} = {6B834713-11FF-4E58-A703-5CC3E02CBD4D}
		{3A8BFA74-5C22-4281-A399-48E81745730A} = {3A8BFA74-5C22-4281-A399-48E81745730A}
		{917836A4-0DDC-47BE-B930-1B3BFDF6C940} = {917836A4-0DDC-47BE-B930-1B3BFDF6C940}
		{7FC0B1D5-83F8-4088-A723-9B6ED42F1141} = {7FC0B1D5-83F8-4088-A723-9B6ED42F1141}
		{905FD6F1-E450-4EC9-BF12-F323792C4189} = {905FD6F1-E450-4EC9-BF12-F323792C4189}
	EndProjectSection
EndProject
Project("{8BC9CEB8-8B4A-11D0-8D11-00A0C91BC942}") = "drill_objective_state", "edge_data_models\topics\objective_state\drill\msvc14\drill_objective_state.vcxproj", "{30A5245F-400D-410C-BEEA-20DE3170C5FD}"
	ProjectSection(ProjectDependencies) = postProject
		{6B834713-11FF-4E58-A703-5CC3E02CBD4D} = {6B834713-11FF-4E58-A703-5CC3E02CBD4D}
		{D8B15056-05D8-434D-952B-90C7D39B75D8} = {D8B15056-05D8-434D-952B-90C7D39B75D8}
		{3A8BFA74-5C22-4281-A399-48E81745730A} = {3A8BFA74-5C22-4281-A399-48E81745730A}
		{917836A4-0DDC-47BE-B930-1B3BFDF6C940} = {917836A4-0DDC-47BE-B930-1B3BFDF6C940}
		{7FC0B1D5-83F8-4088-A723-9B6ED42F1141} = {7FC0B1D5-83F8-4088-A723-9B6ED42F1141}
		{905FD6F1-E450-4EC9-BF12-F323792C4189} = {905FD6F1-E450-4EC9-BF12-F323792C4189}
	EndProjectSection
EndProject
Project("{8BC9CEB8-8B4A-11D0-8D11-00A0C91BC942}") = "autodrill_configuration_objective_state", "edge_data_models\topics\objective_state\autodrill_configuration\msvc14\autodrill_configuration_objective_state.vcxproj", "{B0FD4834-5121-4435-99C2-F23CB2EA2D74}"
	ProjectSection(ProjectDependencies) = postProject
		{6B834713-11FF-4E58-A703-5CC3E02CBD4D} = {6B834713-11FF-4E58-A703-5CC3E02CBD4D}
		{92E9C33D-6172-4FD2-A4B0-7CF9F2AC067F} = {92E9C33D-6172-4FD2-A4B0-7CF9F2AC067F}
		{3A8BFA74-5C22-4281-A399-48E81745730A} = {3A8BFA74-5C22-4281-A399-48E81745730A}
		{917836A4-0DDC-47BE-B930-1B3BFDF6C940} = {917836A4-0DDC-47BE-B930-1B3BFDF6C940}
		{7FC0B1D5-83F8-4088-A723-9B6ED42F1141} = {7FC0B1D5-83F8-4088-A723-9B6ED42F1141}
		{905FD6F1-E450-4EC9-BF12-F323792C4189} = {905FD6F1-E450-4EC9-BF12-F323792C4189}
	EndProjectSection
EndProject
Project("{2150E333-8FDC-42A3-9474-1A3956D46DE8}") = "Solution Items", "Solution Items", "{F11C471D-5363-4159-8493-F063BE81E79B}"
EndProject
Project("{8BC9CEB8-8B4A-11D0-8D11-00A0C91BC942}") = "autodriller_configuration", "edge_data_models\topics\engineering\autodriller_configuration\msvc14\autodriller_configuration.vcxproj", "{92E9C33D-6172-4FD2-A4B0-7CF9F2AC067F}"
	ProjectSection(ProjectDependencies) = postProject
		{6B834713-11FF-4E58-A703-5CC3E02CBD4D} = {6B834713-11FF-4E58-A703-5CC3E02CBD4D}
		{3A8BFA74-5C22-4281-A399-48E81745730A} = {3A8BFA74-5C22-4281-A399-48E81745730A}
		{917836A4-0DDC-47BE-B930-1B3BFDF6C940} = {917836A4-0DDC-47BE-B930-1B3BFDF6C940}
		{7FC0B1D5-83F8-4088-A723-9B6ED42F1141} = {7FC0B1D5-83F8-4088-A723-9B6ED42F1141}
		{905FD6F1-E450-4EC9-BF12-F323792C4189} = {905FD6F1-E450-4EC9-BF12-F323792C4189}
	EndProjectSection
EndProject
Project("{8BC9CEB8-8B4A-11D0-8D11-00A0C91BC942}") = "drilling_calibration", "edge_data_models\topics\engineering\drilling_calibration\msvc14\drilling_calibration.vcxproj", "{62E96F52-6040-44BB-957A-5A9A4E16818C}"
	ProjectSection(ProjectDependencies) = postProject
		{6B834713-11FF-4E58-A703-5CC3E02CBD4D} = {6B834713-11FF-4E58-A703-5CC3E02CBD4D}
		{3A8BFA74-5C22-4281-A399-48E81745730A} = {3A8BFA74-5C22-4281-A399-48E81745730A}
		{917836A4-0DDC-47BE-B930-1B3BFDF6C940} = {917836A4-0DDC-47BE-B930-1B3BFDF6C940}
		{7FC0B1D5-83F8-4088-A723-9B6ED42F1141} = {7FC0B1D5-83F8-4088-A723-9B6ED42F1141}
		{905FD6F1-E450-4EC9-BF12-F323792C4189} = {905FD6F1-E450-4EC9-BF12-F323792C4189}
	EndProjectSection
EndProject
Project("{8BC9CEB8-8B4A-11D0-8D11-00A0C91BC942}") = "drilling_calibration_objective_state", "edge_data_models\topics\objective_state\drilling_calibration\msvc14\drilling_calibration_objective_state.vcxproj", "{5599D655-9882-4135-B03F-78638C0ECB34}"
	ProjectSection(ProjectDependencies) = postProject
		{6B834713-11FF-4E58-A703-5CC3E02CBD4D} = {6B834713-11FF-4E58-A703-5CC3E02CBD4D}
		{62E96F52-6040-44BB-957A-5A9A4E16818C} = {62E96F52-6040-44BB-957A-5A9A4E16818C}
		{3A8BFA74-5C22-4281-A399-48E81745730A} = {3A8BFA74-5C22-4281-A399-48E81745730A}
		{917836A4-0DDC-47BE-B930-1B3BFDF6C940} = {917836A4-0DDC-47BE-B930-1B3BFDF6C940}
		{7FC0B1D5-83F8-4088-A723-9B6ED42F1141} = {7FC0B1D5-83F8-4088-A723-9B6ED42F1141}
		{905FD6F1-E450-4EC9-BF12-F323792C4189} = {905FD6F1-E450-4EC9-BF12-F323792C4189}
	EndProjectSection
EndProject
Project("{8BC9CEB8-8B4A-11D0-8D11-00A0C91BC942}") = "objective_subscriber", "edge_data_models\topics\subscribers\objective\msvc14\objective_subscriber.vcxproj", "{894402B3-CA65-47DA-AA35-0714696E49DF}"
	ProjectSection(ProjectDependencies) = postProject
		{6B834713-11FF-4E58-A703-5CC3E02CBD4D} = {6B834713-11FF-4E58-A703-5CC3E02CBD4D}
		{3A8BFA74-5C22-4281-A399-48E81745730A} = {3A8BFA74-5C22-4281-A399-48E81745730A}
		{917836A4-0DDC-47BE-B930-1B3BFDF6C940} = {917836A4-0DDC-47BE-B930-1B3BFDF6C940}
		{C2BD4FB1-D8CB-44B9-B6A4-91CDDF487D4E} = {C2BD4FB1-D8CB-44B9-B6A4-91CDDF487D4E}
		{7FC0B1D5-83F8-4088-A723-9B6ED42F1141} = {7FC0B1D5-83F8-4088-A723-9B6ED42F1141}
		{905FD6F1-E450-4EC9-BF12-F323792C4189} = {905FD6F1-E450-4EC9-BF12-F323792C4189}
	EndProjectSection
EndProject
Global
	GlobalSection(SolutionConfigurationPlatforms) = preSolution
		Debug_vs2013|Win32 = Debug_vs2013|Win32
		Debug_vs2013|x64 = Debug_vs2013|x64
		Debug_vs2013|x86 = Debug_vs2013|x86
		Debug|Win32 = Debug|Win32
		Debug|x64 = Debug|x64
		Debug|x86 = Debug|x86
		Release_vs2013|Win32 = Release_vs2013|Win32
		Release_vs2013|x64 = Release_vs2013|x64
		Release_vs2013|x86 = Release_vs2013|x86
		Release|Win32 = Release|Win32
		Release|x64 = Release|x64
		Release|x86 = Release|x86
	EndGlobalSection
	GlobalSection(ProjectConfigurationPlatforms) = postSolution
		{905FD6F1-E450-4EC9-BF12-F323792C4189}.Debug_vs2013|Win32.ActiveCfg = debug_vs2013|Win32
		{905FD6F1-E450-4EC9-BF12-F323792C4189}.Debug_vs2013|Win32.Build.0 = debug_vs2013|Win32
		{905FD6F1-E450-4EC9-BF12-F323792C4189}.Debug_vs2013|x64.ActiveCfg = debug_vs2013|x64
		{905FD6F1-E450-4EC9-BF12-F323792C4189}.Debug_vs2013|x64.Build.0 = debug_vs2013|x64
		{905FD6F1-E450-4EC9-BF12-F323792C4189}.Debug_vs2013|x86.ActiveCfg = debug_vs2013|Win32
		{905FD6F1-E450-4EC9-BF12-F323792C4189}.Debug_vs2013|x86.Build.0 = debug_vs2013|Win32
		{905FD6F1-E450-4EC9-BF12-F323792C4189}.Debug|Win32.ActiveCfg = Debug|Win32
		{905FD6F1-E450-4EC9-BF12-F323792C4189}.Debug|Win32.Build.0 = Debug|Win32
		{905FD6F1-E450-4EC9-BF12-F323792C4189}.Debug|x64.ActiveCfg = Debug|Win32
		{905FD6F1-E450-4EC9-BF12-F323792C4189}.Debug|x64.Build.0 = Debug|Win32
		{905FD6F1-E450-4EC9-BF12-F323792C4189}.Debug|x86.ActiveCfg = Debug|Win32
		{905FD6F1-E450-4EC9-BF12-F323792C4189}.Debug|x86.Build.0 = Debug|Win32
		{905FD6F1-E450-4EC9-BF12-F323792C4189}.Release_vs2013|Win32.ActiveCfg = release_v2013|Win32
		{905FD6F1-E450-4EC9-BF12-F323792C4189}.Release_vs2013|Win32.Build.0 = release_v2013|Win32
		{905FD6F1-E450-4EC9-BF12-F323792C4189}.Release_vs2013|x64.ActiveCfg = release_v2013|x64
		{905FD6F1-E450-4EC9-BF12-F323792C4189}.Release_vs2013|x64.Build.0 = release_v2013|x64
		{905FD6F1-E450-4EC9-BF12-F323792C4189}.Release_vs2013|x86.ActiveCfg = release_v2013|Win32
		{905FD6F1-E450-4EC9-BF12-F323792C4189}.Release_vs2013|x86.Build.0 = release_v2013|Win32
		{905FD6F1-E450-4EC9-BF12-F323792C4189}.Release|Win32.ActiveCfg = Release|Win32
		{905FD6F1-E450-4EC9-BF12-F323792C4189}.Release|Win32.Build.0 = Release|Win32
		{905FD6F1-E450-4EC9-BF12-F323792C4189}.Release|x64.ActiveCfg = Release|x64
		{905FD6F1-E450-4EC9-BF12-F323792C4189}.Release|x64.Build.0 = Release|x64
		{905FD6F1-E450-4EC9-BF12-F323792C4189}.Release|x86.ActiveCfg = Release|Win32
		{905FD6F1-E450-4EC9-BF12-F323792C4189}.Release|x86.Build.0 = Release|Win32
		{917836A4-0DDC-47BE-B930-1B3BFDF6C940}.Debug_vs2013|Win32.ActiveCfg = debug_vs2013|Win32
		{917836A4-0DDC-47BE-B930-1B3BFDF6C940}.Debug_vs2013|Win32.Build.0 = debug_vs2013|Win32
		{917836A4-0DDC-47BE-B930-1B3BFDF6C940}.Debug_vs2013|x64.ActiveCfg = debug_vs2013|x64
		{917836A4-0DDC-47BE-B930-1B3BFDF6C940}.Debug_vs2013|x64.Build.0 = debug_vs2013|x64
		{917836A4-0DDC-47BE-B930-1B3BFDF6C940}.Debug_vs2013|x86.ActiveCfg = debug_vs2013|Win32
		{917836A4-0DDC-47BE-B930-1B3BFDF6C940}.Debug_vs2013|x86.Build.0 = debug_vs2013|Win32
		{917836A4-0DDC-47BE-B930-1B3BFDF6C940}.Debug|Win32.ActiveCfg = Debug|Win32
		{917836A4-0DDC-47BE-B930-1B3BFDF6C940}.Debug|Win32.Build.0 = Debug|Win32
		{917836A4-0DDC-47BE-B930-1B3BFDF6C940}.Debug|x64.ActiveCfg = Debug|Win32
		{917836A4-0DDC-47BE-B930-1B3BFDF6C940}.Debug|x64.Build.0 = Debug|Win32
		{917836A4-0DDC-47BE-B930-1B3BFDF6C940}.Debug|x86.ActiveCfg = Debug|Win32
		{917836A4-0DDC-47BE-B930-1B3BFDF6C940}.Debug|x86.Build.0 = Debug|Win32
		{917836A4-0DDC-47BE-B930-1B3BFDF6C940}.Release_vs2013|Win32.ActiveCfg = release_v2013|Win32
		{917836A4-0DDC-47BE-B930-1B3BFDF6C940}.Release_vs2013|Win32.Build.0 = release_v2013|Win32
		{917836A4-0DDC-47BE-B930-1B3BFDF6C940}.Release_vs2013|x64.ActiveCfg = release_v2013|x64
		{917836A4-0DDC-47BE-B930-1B3BFDF6C940}.Release_vs2013|x64.Build.0 = release_v2013|x64
		{917836A4-0DDC-47BE-B930-1B3BFDF6C940}.Release_vs2013|x86.ActiveCfg = release_v2013|Win32
		{917836A4-0DDC-47BE-B930-1B3BFDF6C940}.Release_vs2013|x86.Build.0 = release_v2013|Win32
		{917836A4-0DDC-47BE-B930-1B3BFDF6C940}.Release|Win32.ActiveCfg = Release|Win32
		{917836A4-0DDC-47BE-B930-1B3BFDF6C940}.Release|Win32.Build.0 = Release|Win32
		{917836A4-0DDC-47BE-B930-1B3BFDF6C940}.Release|x64.ActiveCfg = Release|x64
		{917836A4-0DDC-47BE-B930-1B3BFDF6C940}.Release|x64.Build.0 = Release|x64
		{917836A4-0DDC-47BE-B930-1B3BFDF6C940}.Release|x86.ActiveCfg = Release|Win32
		{917836A4-0DDC-47BE-B930-1B3BFDF6C940}.Release|x86.Build.0 = Release|Win32
		{3A8BFA74-5C22-4281-A399-48E81745730A}.Debug_vs2013|Win32.ActiveCfg = debug_vs2013|Win32
		{3A8BFA74-5C22-4281-A399-48E81745730A}.Debug_vs2013|Win32.Build.0 = debug_vs2013|Win32
		{3A8BFA74-5C22-4281-A399-48E81745730A}.Debug_vs2013|x64.ActiveCfg = debug_vs2013|x64
		{3A8BFA74-5C22-4281-A399-48E81745730A}.Debug_vs2013|x64.Build.0 = debug_vs2013|x64
		{3A8BFA74-5C22-4281-A399-48E81745730A}.Debug_vs2013|x86.ActiveCfg = debug_vs2013|Win32
		{3A8BFA74-5C22-4281-A399-48E81745730A}.Debug_vs2013|x86.Build.0 = debug_vs2013|Win32
		{3A8BFA74-5C22-4281-A399-48E81745730A}.Debug|Win32.ActiveCfg = Debug|Win32
		{3A8BFA74-5C22-4281-A399-48E81745730A}.Debug|Win32.Build.0 = Debug|Win32
		{3A8BFA74-5C22-4281-A399-48E81745730A}.Debug|x64.ActiveCfg = Debug|x64
		{3A8BFA74-5C22-4281-A399-48E81745730A}.Debug|x64.Build.0 = Debug|x64
		{3A8BFA74-5C22-4281-A399-48E81745730A}.Debug|x86.ActiveCfg = Debug|Win32
		{3A8BFA74-5C22-4281-A399-48E81745730A}.Debug|x86.Build.0 = Debug|Win32
		{3A8BFA74-5C22-4281-A399-48E81745730A}.Release_vs2013|Win32.ActiveCfg = release_v2013|Win32
		{3A8BFA74-5C22-4281-A399-48E81745730A}.Release_vs2013|Win32.Build.0 = release_v2013|Win32
		{3A8BFA74-5C22-4281-A399-48E81745730A}.Release_vs2013|x64.ActiveCfg = release_v2013|x64
		{3A8BFA74-5C22-4281-A399-48E81745730A}.Release_vs2013|x64.Build.0 = release_v2013|x64
		{3A8BFA74-5C22-4281-A399-48E81745730A}.Release_vs2013|x86.ActiveCfg = release_v2013|Win32
		{3A8BFA74-5C22-4281-A399-48E81745730A}.Release_vs2013|x86.Build.0 = release_v2013|Win32
		{3A8BFA74-5C22-4281-A399-48E81745730A}.Release|Win32.ActiveCfg = Release|Win32
		{3A8BFA74-5C22-4281-A399-48E81745730A}.Release|Win32.Build.0 = Release|Win32
		{3A8BFA74-5C22-4281-A399-48E81745730A}.Release|x64.ActiveCfg = Release|x64
		{3A8BFA74-5C22-4281-A399-48E81745730A}.Release|x64.Build.0 = Release|x64
		{3A8BFA74-5C22-4281-A399-48E81745730A}.Release|x86.ActiveCfg = Release|Win32
		{3A8BFA74-5C22-4281-A399-48E81745730A}.Release|x86.Build.0 = Release|Win32
		{7FC0B1D5-83F8-4088-A723-9B6ED42F1141}.Debug_vs2013|Win32.ActiveCfg = debug_vs2013|Win32
		{7FC0B1D5-83F8-4088-A723-9B6ED42F1141}.Debug_vs2013|Win32.Build.0 = debug_vs2013|Win32
		{7FC0B1D5-83F8-4088-A723-9B6ED42F1141}.Debug_vs2013|x64.ActiveCfg = debug_vs2013|x64
		{7FC0B1D5-83F8-4088-A723-9B6ED42F1141}.Debug_vs2013|x64.Build.0 = debug_vs2013|x64
		{7FC0B1D5-83F8-4088-A723-9B6ED42F1141}.Debug_vs2013|x86.ActiveCfg = debug_vs2013|Win32
		{7FC0B1D5-83F8-4088-A723-9B6ED42F1141}.Debug_vs2013|x86.Build.0 = debug_vs2013|Win32
		{7FC0B1D5-83F8-4088-A723-9B6ED42F1141}.Debug|Win32.ActiveCfg = Debug|Win32
		{7FC0B1D5-83F8-4088-A723-9B6ED42F1141}.Debug|Win32.Build.0 = Debug|Win32
		{7FC0B1D5-83F8-4088-A723-9B6ED42F1141}.Debug|x64.ActiveCfg = Debug|x64
		{7FC0B1D5-83F8-4088-A723-9B6ED42F1141}.Debug|x64.Build.0 = Debug|x64
		{7FC0B1D5-83F8-4088-A723-9B6ED42F1141}.Debug|x86.ActiveCfg = Debug|Win32
		{7FC0B1D5-83F8-4088-A723-9B6ED42F1141}.Debug|x86.Build.0 = Debug|Win32
		{7FC0B1D5-83F8-4088-A723-9B6ED42F1141}.Release_vs2013|Win32.ActiveCfg = release_v2013|Win32
		{7FC0B1D5-83F8-4088-A723-9B6ED42F1141}.Release_vs2013|Win32.Build.0 = release_v2013|Win32
		{7FC0B1D5-83F8-4088-A723-9B6ED42F1141}.Release_vs2013|x64.ActiveCfg = release_v2013|x64
		{7FC0B1D5-83F8-4088-A723-9B6ED42F1141}.Release_vs2013|x64.Build.0 = release_v2013|x64
		{7FC0B1D5-83F8-4088-A723-9B6ED42F1141}.Release_vs2013|x86.ActiveCfg = release_v2013|Win32
		{7FC0B1D5-83F8-4088-A723-9B6ED42F1141}.Release_vs2013|x86.Build.0 = release_v2013|Win32
		{7FC0B1D5-83F8-4088-A723-9B6ED42F1141}.Release|Win32.ActiveCfg = Release|Win32
		{7FC0B1D5-83F8-4088-A723-9B6ED42F1141}.Release|Win32.Build.0 = Release|Win32
		{7FC0B1D5-83F8-4088-A723-9B6ED42F1141}.Release|x64.ActiveCfg = Release|x64
		{7FC0B1D5-83F8-4088-A723-9B6ED42F1141}.Release|x64.Build.0 = Release|x64
		{7FC0B1D5-83F8-4088-A723-9B6ED42F1141}.Release|x86.ActiveCfg = Release|Win32
		{7FC0B1D5-83F8-4088-A723-9B6ED42F1141}.Release|x86.Build.0 = Release|Win32
		{6B834713-11FF-4E58-A703-5CC3E02CBD4D}.Debug_vs2013|Win32.ActiveCfg = debug_vs2013|Win32
		{6B834713-11FF-4E58-A703-5CC3E02CBD4D}.Debug_vs2013|Win32.Build.0 = debug_vs2013|Win32
		{6B834713-11FF-4E58-A703-5CC3E02CBD4D}.Debug_vs2013|x64.ActiveCfg = debug_vs2013|x64
		{6B834713-11FF-4E58-A703-5CC3E02CBD4D}.Debug_vs2013|x64.Build.0 = debug_vs2013|x64
		{6B834713-11FF-4E58-A703-5CC3E02CBD4D}.Debug_vs2013|x86.ActiveCfg = debug_vs2013|Win32
		{6B834713-11FF-4E58-A703-5CC3E02CBD4D}.Debug_vs2013|x86.Build.0 = debug_vs2013|Win32
		{6B834713-11FF-4E58-A703-5CC3E02CBD4D}.Debug|Win32.ActiveCfg = Debug|Win32
		{6B834713-11FF-4E58-A703-5CC3E02CBD4D}.Debug|Win32.Build.0 = Debug|Win32
		{6B834713-11FF-4E58-A703-5CC3E02CBD4D}.Debug|x64.ActiveCfg = Debug|x64
		{6B834713-11FF-4E58-A703-5CC3E02CBD4D}.Debug|x64.Build.0 = Debug|x64
		{6B834713-11FF-4E58-A703-5CC3E02CBD4D}.Debug|x86.ActiveCfg = Debug|Win32
		{6B834713-11FF-4E58-A703-5CC3E02CBD4D}.Debug|x86.Build.0 = Debug|Win32
		{6B834713-11FF-4E58-A703-5CC3E02CBD4D}.Release_vs2013|Win32.ActiveCfg = release_v2013|Win32
		{6B834713-11FF-4E58-A703-5CC3E02CBD4D}.Release_vs2013|Win32.Build.0 = release_v2013|Win32
		{6B834713-11FF-4E58-A703-5CC3E02CBD4D}.Release_vs2013|x64.ActiveCfg = release_v2013|x64
		{6B834713-11FF-4E58-A703-5CC3E02CBD4D}.Release_vs2013|x64.Build.0 = release_v2013|x64
		{6B834713-11FF-4E58-A703-5CC3E02CBD4D}.Release_vs2013|x86.ActiveCfg = release_v2013|Win32
		{6B834713-11FF-4E58-A703-5CC3E02CBD4D}.Release_vs2013|x86.Build.0 = release_v2013|Win32
		{6B834713-11FF-4E58-A703-5CC3E02CBD4D}.Release|Win32.ActiveCfg = Release|Win32
		{6B834713-11FF-4E58-A703-5CC3E02CBD4D}.Release|Win32.Build.0 = Release|Win32
		{6B834713-11FF-4E58-A703-5CC3E02CBD4D}.Release|x64.ActiveCfg = Release|x64
		{6B834713-11FF-4E58-A703-5CC3E02CBD4D}.Release|x64.Build.0 = Release|x64
		{6B834713-11FF-4E58-A703-5CC3E02CBD4D}.Release|x86.ActiveCfg = Release|Win32
		{6B834713-11FF-4E58-A703-5CC3E02CBD4D}.Release|x86.Build.0 = Release|Win32
		{8097B4B3-2607-43D8-A2E4-372A6761F605}.Debug_vs2013|Win32.ActiveCfg = debug_vs2013|Win32
		{8097B4B3-2607-43D8-A2E4-372A6761F605}.Debug_vs2013|Win32.Build.0 = debug_vs2013|Win32
		{8097B4B3-2607-43D8-A2E4-372A6761F605}.Debug_vs2013|x64.ActiveCfg = debug_vs2013|x64
		{8097B4B3-2607-43D8-A2E4-372A6761F605}.Debug_vs2013|x64.Build.0 = debug_vs2013|x64
		{8097B4B3-2607-43D8-A2E4-372A6761F605}.Debug_vs2013|x86.ActiveCfg = debug_vs2013|Win32
		{8097B4B3-2607-43D8-A2E4-372A6761F605}.Debug_vs2013|x86.Build.0 = debug_vs2013|Win32
		{8097B4B3-2607-43D8-A2E4-372A6761F605}.Debug|Win32.ActiveCfg = Debug|Win32
		{8097B4B3-2607-43D8-A2E4-372A6761F605}.Debug|Win32.Build.0 = Debug|Win32
		{8097B4B3-2607-43D8-A2E4-372A6761F605}.Debug|x64.ActiveCfg = Debug|x64
		{8097B4B3-2607-43D8-A2E4-372A6761F605}.Debug|x64.Build.0 = Debug|x64
		{8097B4B3-2607-43D8-A2E4-372A6761F605}.Debug|x86.ActiveCfg = Debug|Win32
		{8097B4B3-2607-43D8-A2E4-372A6761F605}.Debug|x86.Build.0 = Debug|Win32
		{8097B4B3-2607-43D8-A2E4-372A6761F605}.Release_vs2013|Win32.ActiveCfg = release_v2013|Win32
		{8097B4B3-2607-43D8-A2E4-372A6761F605}.Release_vs2013|Win32.Build.0 = release_v2013|Win32
		{8097B4B3-2607-43D8-A2E4-372A6761F605}.Release_vs2013|x64.ActiveCfg = release_v2013|x64
		{8097B4B3-2607-43D8-A2E4-372A6761F605}.Release_vs2013|x64.Build.0 = release_v2013|x64
		{8097B4B3-2607-43D8-A2E4-372A6761F605}.Release_vs2013|x86.ActiveCfg = release_v2013|Win32
		{8097B4B3-2607-43D8-A2E4-372A6761F605}.Release_vs2013|x86.Build.0 = release_v2013|Win32
		{8097B4B3-2607-43D8-A2E4-372A6761F605}.Release|Win32.ActiveCfg = Release|Win32
		{8097B4B3-2607-43D8-A2E4-372A6761F605}.Release|Win32.Build.0 = Release|Win32
		{8097B4B3-2607-43D8-A2E4-372A6761F605}.Release|x64.ActiveCfg = Release|x64
		{8097B4B3-2607-43D8-A2E4-372A6761F605}.Release|x64.Build.0 = Release|x64
		{8097B4B3-2607-43D8-A2E4-372A6761F605}.Release|x86.ActiveCfg = Release|Win32
		{8097B4B3-2607-43D8-A2E4-372A6761F605}.Release|x86.Build.0 = Release|Win32
		{864E7757-72FD-420D-83B6-D6E53C69EFC7}.Debug_vs2013|Win32.ActiveCfg = debug_vs2013|Win32
		{864E7757-72FD-420D-83B6-D6E53C69EFC7}.Debug_vs2013|Win32.Build.0 = debug_vs2013|Win32
		{864E7757-72FD-420D-83B6-D6E53C69EFC7}.Debug_vs2013|x64.ActiveCfg = debug_vs2013|x64
		{864E7757-72FD-420D-83B6-D6E53C69EFC7}.Debug_vs2013|x64.Build.0 = debug_vs2013|x64
		{864E7757-72FD-420D-83B6-D6E53C69EFC7}.Debug_vs2013|x86.ActiveCfg = debug_vs2013|Win32
		{864E7757-72FD-420D-83B6-D6E53C69EFC7}.Debug_vs2013|x86.Build.0 = debug_vs2013|Win32
		{864E7757-72FD-420D-83B6-D6E53C69EFC7}.Debug|Win32.ActiveCfg = Debug|Win32
		{864E7757-72FD-420D-83B6-D6E53C69EFC7}.Debug|Win32.Build.0 = Debug|Win32
		{864E7757-72FD-420D-83B6-D6E53C69EFC7}.Debug|x64.ActiveCfg = Debug|x64
		{864E7757-72FD-420D-83B6-D6E53C69EFC7}.Debug|x64.Build.0 = Debug|x64
		{864E7757-72FD-420D-83B6-D6E53C69EFC7}.Debug|x86.ActiveCfg = Debug|Win32
		{864E7757-72FD-420D-83B6-D6E53C69EFC7}.Debug|x86.Build.0 = Debug|Win32
		{864E7757-72FD-420D-83B6-D6E53C69EFC7}.Release_vs2013|Win32.ActiveCfg = release_v2013|Win32
		{864E7757-72FD-420D-83B6-D6E53C69EFC7}.Release_vs2013|Win32.Build.0 = release_v2013|Win32
		{864E7757-72FD-420D-83B6-D6E53C69EFC7}.Release_vs2013|x64.ActiveCfg = release_v2013|x64
		{864E7757-72FD-420D-83B6-D6E53C69EFC7}.Release_vs2013|x64.Build.0 = release_v2013|x64
		{864E7757-72FD-420D-83B6-D6E53C69EFC7}.Release_vs2013|x86.ActiveCfg = release_v2013|Win32
		{864E7757-72FD-420D-83B6-D6E53C69EFC7}.Release_vs2013|x86.Build.0 = release_v2013|Win32
		{864E7757-72FD-420D-83B6-D6E53C69EFC7}.Release|Win32.ActiveCfg = Release|Win32
		{864E7757-72FD-420D-83B6-D6E53C69EFC7}.Release|Win32.Build.0 = Release|Win32
		{864E7757-72FD-420D-83B6-D6E53C69EFC7}.Release|x64.ActiveCfg = Release|x64
		{864E7757-72FD-420D-83B6-D6E53C69EFC7}.Release|x64.Build.0 = Release|x64
		{864E7757-72FD-420D-83B6-D6E53C69EFC7}.Release|x86.ActiveCfg = Release|Win32
		{864E7757-72FD-420D-83B6-D6E53C69EFC7}.Release|x86.Build.0 = Release|Win32
		{8040B276-5FEF-4B8E-BD70-B6E100D09031}.Debug_vs2013|Win32.ActiveCfg = debug_vs2013|Win32
		{8040B276-5FEF-4B8E-BD70-B6E100D09031}.Debug_vs2013|Win32.Build.0 = debug_vs2013|Win32
		{8040B276-5FEF-4B8E-BD70-B6E100D09031}.Debug_vs2013|x64.ActiveCfg = debug_vs2013|x64
		{8040B276-5FEF-4B8E-BD70-B6E100D09031}.Debug_vs2013|x64.Build.0 = debug_vs2013|x64
		{8040B276-5FEF-4B8E-BD70-B6E100D09031}.Debug_vs2013|x86.ActiveCfg = debug_vs2013|Win32
		{8040B276-5FEF-4B8E-BD70-B6E100D09031}.Debug_vs2013|x86.Build.0 = debug_vs2013|Win32
		{8040B276-5FEF-4B8E-BD70-B6E100D09031}.Debug|Win32.ActiveCfg = Debug|Win32
		{8040B276-5FEF-4B8E-BD70-B6E100D09031}.Debug|Win32.Build.0 = Debug|Win32
		{8040B276-5FEF-4B8E-BD70-B6E100D09031}.Debug|x64.ActiveCfg = Debug|x64
		{8040B276-5FEF-4B8E-BD70-B6E100D09031}.Debug|x64.Build.0 = Debug|x64
		{8040B276-5FEF-4B8E-BD70-B6E100D09031}.Debug|x86.ActiveCfg = Debug|Win32
		{8040B276-5FEF-4B8E-BD70-B6E100D09031}.Debug|x86.Build.0 = Debug|Win32
		{8040B276-5FEF-4B8E-BD70-B6E100D09031}.Release_vs2013|Win32.ActiveCfg = release_v2013|Win32
		{8040B276-5FEF-4B8E-BD70-B6E100D09031}.Release_vs2013|Win32.Build.0 = release_v2013|Win32
		{8040B276-5FEF-4B8E-BD70-B6E100D09031}.Release_vs2013|x64.ActiveCfg = release_v2013|x64
		{8040B276-5FEF-4B8E-BD70-B6E100D09031}.Release_vs2013|x64.Build.0 = release_v2013|x64
		{8040B276-5FEF-4B8E-BD70-B6E100D09031}.Release_vs2013|x86.ActiveCfg = release_v2013|Win32
		{8040B276-5FEF-4B8E-BD70-B6E100D09031}.Release_vs2013|x86.Build.0 = release_v2013|Win32
		{8040B276-5FEF-4B8E-BD70-B6E100D09031}.Release|Win32.ActiveCfg = Release|Win32
		{8040B276-5FEF-4B8E-BD70-B6E100D09031}.Release|Win32.Build.0 = Release|Win32
		{8040B276-5FEF-4B8E-BD70-B6E100D09031}.Release|x64.ActiveCfg = Release|x64
		{8040B276-5FEF-4B8E-BD70-B6E100D09031}.Release|x64.Build.0 = Release|x64
		{8040B276-5FEF-4B8E-BD70-B6E100D09031}.Release|x86.ActiveCfg = Release|Win32
		{8040B276-5FEF-4B8E-BD70-B6E100D09031}.Release|x86.Build.0 = Release|Win32
		{7937D597-94D6-49CE-A02E-7B0B62925A24}.Debug_vs2013|Win32.ActiveCfg = debug_vs2013|Win32
		{7937D597-94D6-49CE-A02E-7B0B62925A24}.Debug_vs2013|Win32.Build.0 = debug_vs2013|Win32
		{7937D597-94D6-49CE-A02E-7B0B62925A24}.Debug_vs2013|x64.ActiveCfg = debug_vs2013|x64
		{7937D597-94D6-49CE-A02E-7B0B62925A24}.Debug_vs2013|x64.Build.0 = debug_vs2013|x64
		{7937D597-94D6-49CE-A02E-7B0B62925A24}.Debug_vs2013|x86.ActiveCfg = debug_vs2013|Win32
		{7937D597-94D6-49CE-A02E-7B0B62925A24}.Debug_vs2013|x86.Build.0 = debug_vs2013|Win32
		{7937D597-94D6-49CE-A02E-7B0B62925A24}.Debug|Win32.ActiveCfg = Debug|Win32
		{7937D597-94D6-49CE-A02E-7B0B62925A24}.Debug|Win32.Build.0 = Debug|Win32
		{7937D597-94D6-49CE-A02E-7B0B62925A24}.Debug|x64.ActiveCfg = Debug|x64
		{7937D597-94D6-49CE-A02E-7B0B62925A24}.Debug|x64.Build.0 = Debug|x64
		{7937D597-94D6-49CE-A02E-7B0B62925A24}.Debug|x86.ActiveCfg = Debug|Win32
		{7937D597-94D6-49CE-A02E-7B0B62925A24}.Debug|x86.Build.0 = Debug|Win32
		{7937D597-94D6-49CE-A02E-7B0B62925A24}.Release_vs2013|Win32.ActiveCfg = release_v2013|Win32
		{7937D597-94D6-49CE-A02E-7B0B62925A24}.Release_vs2013|Win32.Build.0 = release_v2013|Win32
		{7937D597-94D6-49CE-A02E-7B0B62925A24}.Release_vs2013|x64.ActiveCfg = release_v2013|x64
		{7937D597-94D6-49CE-A02E-7B0B62925A24}.Release_vs2013|x64.Build.0 = release_v2013|x64
		{7937D597-94D6-49CE-A02E-7B0B62925A24}.Release_vs2013|x86.ActiveCfg = release_v2013|Win32
		{7937D597-94D6-49CE-A02E-7B0B62925A24}.Release_vs2013|x86.Build.0 = release_v2013|Win32
		{7937D597-94D6-49CE-A02E-7B0B62925A24}.Release|Win32.ActiveCfg = Release|Win32
		{7937D597-94D6-49CE-A02E-7B0B62925A24}.Release|Win32.Build.0 = Release|Win32
		{7937D597-94D6-49CE-A02E-7B0B62925A24}.Release|x64.ActiveCfg = Release|x64
		{7937D597-94D6-49CE-A02E-7B0B62925A24}.Release|x64.Build.0 = Release|x64
		{7937D597-94D6-49CE-A02E-7B0B62925A24}.Release|x86.ActiveCfg = Release|Win32
		{7937D597-94D6-49CE-A02E-7B0B62925A24}.Release|x86.Build.0 = Release|Win32
		{49E4FAB7-EB14-44CF-992C-B10021429D8F}.Debug_vs2013|Win32.ActiveCfg = debug_vs2013|Win32
		{49E4FAB7-EB14-44CF-992C-B10021429D8F}.Debug_vs2013|Win32.Build.0 = debug_vs2013|Win32
		{49E4FAB7-EB14-44CF-992C-B10021429D8F}.Debug_vs2013|x64.ActiveCfg = debug_vs2013|x64
		{49E4FAB7-EB14-44CF-992C-B10021429D8F}.Debug_vs2013|x64.Build.0 = debug_vs2013|x64
		{49E4FAB7-EB14-44CF-992C-B10021429D8F}.Debug_vs2013|x86.ActiveCfg = debug_vs2013|Win32
		{49E4FAB7-EB14-44CF-992C-B10021429D8F}.Debug_vs2013|x86.Build.0 = debug_vs2013|Win32
		{49E4FAB7-EB14-44CF-992C-B10021429D8F}.Debug|Win32.ActiveCfg = Debug|Win32
		{49E4FAB7-EB14-44CF-992C-B10021429D8F}.Debug|Win32.Build.0 = Debug|Win32
		{49E4FAB7-EB14-44CF-992C-B10021429D8F}.Debug|x64.ActiveCfg = Debug|x64
		{49E4FAB7-EB14-44CF-992C-B10021429D8F}.Debug|x64.Build.0 = Debug|x64
		{49E4FAB7-EB14-44CF-992C-B10021429D8F}.Debug|x86.ActiveCfg = Debug|Win32
		{49E4FAB7-EB14-44CF-992C-B10021429D8F}.Debug|x86.Build.0 = Debug|Win32
		{49E4FAB7-EB14-44CF-992C-B10021429D8F}.Release_vs2013|Win32.ActiveCfg = release_v2013|Win32
		{49E4FAB7-EB14-44CF-992C-B10021429D8F}.Release_vs2013|Win32.Build.0 = release_v2013|Win32
		{49E4FAB7-EB14-44CF-992C-B10021429D8F}.Release_vs2013|x64.ActiveCfg = release_v2013|x64
		{49E4FAB7-EB14-44CF-992C-B10021429D8F}.Release_vs2013|x64.Build.0 = release_v2013|x64
		{49E4FAB7-EB14-44CF-992C-B10021429D8F}.Release_vs2013|x86.ActiveCfg = release_v2013|Win32
		{49E4FAB7-EB14-44CF-992C-B10021429D8F}.Release_vs2013|x86.Build.0 = release_v2013|Win32
		{49E4FAB7-EB14-44CF-992C-B10021429D8F}.Release|Win32.ActiveCfg = Release|Win32
		{49E4FAB7-EB14-44CF-992C-B10021429D8F}.Release|Win32.Build.0 = Release|Win32
		{49E4FAB7-EB14-44CF-992C-B10021429D8F}.Release|x64.ActiveCfg = Release|x64
		{49E4FAB7-EB14-44CF-992C-B10021429D8F}.Release|x64.Build.0 = Release|x64
		{49E4FAB7-EB14-44CF-992C-B10021429D8F}.Release|x86.ActiveCfg = Release|Win32
		{49E4FAB7-EB14-44CF-992C-B10021429D8F}.Release|x86.Build.0 = Release|Win32
		{B6416B77-DDD1-4485-A30B-83B4A53EB4C5}.Debug_vs2013|Win32.ActiveCfg = debug_vs2013|Win32
		{B6416B77-DDD1-4485-A30B-83B4A53EB4C5}.Debug_vs2013|Win32.Build.0 = debug_vs2013|Win32
		{B6416B77-DDD1-4485-A30B-83B4A53EB4C5}.Debug_vs2013|x64.ActiveCfg = debug_vs2013|x64
		{B6416B77-DDD1-4485-A30B-83B4A53EB4C5}.Debug_vs2013|x64.Build.0 = debug_vs2013|x64
		{B6416B77-DDD1-4485-A30B-83B4A53EB4C5}.Debug_vs2013|x86.ActiveCfg = debug_vs2013|Win32
		{B6416B77-DDD1-4485-A30B-83B4A53EB4C5}.Debug_vs2013|x86.Build.0 = debug_vs2013|Win32
		{B6416B77-DDD1-4485-A30B-83B4A53EB4C5}.Debug|Win32.ActiveCfg = Debug|Win32
		{B6416B77-DDD1-4485-A30B-83B4A53EB4C5}.Debug|Win32.Build.0 = Debug|Win32
		{B6416B77-DDD1-4485-A30B-83B4A53EB4C5}.Debug|x64.ActiveCfg = Debug|x64
		{B6416B77-DDD1-4485-A30B-83B4A53EB4C5}.Debug|x64.Build.0 = Debug|x64
		{B6416B77-DDD1-4485-A30B-83B4A53EB4C5}.Debug|x86.ActiveCfg = Debug|Win32
		{B6416B77-DDD1-4485-A30B-83B4A53EB4C5}.Debug|x86.Build.0 = Debug|Win32
		{B6416B77-DDD1-4485-A30B-83B4A53EB4C5}.Release_vs2013|Win32.ActiveCfg = release_v2013|Win32
		{B6416B77-DDD1-4485-A30B-83B4A53EB4C5}.Release_vs2013|Win32.Build.0 = release_v2013|Win32
		{B6416B77-DDD1-4485-A30B-83B4A53EB4C5}.Release_vs2013|x64.ActiveCfg = release_v2013|x64
		{B6416B77-DDD1-4485-A30B-83B4A53EB4C5}.Release_vs2013|x64.Build.0 = release_v2013|x64
		{B6416B77-DDD1-4485-A30B-83B4A53EB4C5}.Release_vs2013|x86.ActiveCfg = release_v2013|Win32
		{B6416B77-DDD1-4485-A30B-83B4A53EB4C5}.Release_vs2013|x86.Build.0 = release_v2013|Win32
		{B6416B77-DDD1-4485-A30B-83B4A53EB4C5}.Release|Win32.ActiveCfg = Release|Win32
		{B6416B77-DDD1-4485-A30B-83B4A53EB4C5}.Release|Win32.Build.0 = Release|Win32
		{B6416B77-DDD1-4485-A30B-83B4A53EB4C5}.Release|x64.ActiveCfg = Release|x64
		{B6416B77-DDD1-4485-A30B-83B4A53EB4C5}.Release|x64.Build.0 = Release|x64
		{B6416B77-DDD1-4485-A30B-83B4A53EB4C5}.Release|x86.ActiveCfg = Release|Win32
		{B6416B77-DDD1-4485-A30B-83B4A53EB4C5}.Release|x86.Build.0 = Release|Win32
		{4F490070-3E3B-428B-AA37-28530AB15208}.Debug_vs2013|Win32.ActiveCfg = debug_vs2013|Win32
		{4F490070-3E3B-428B-AA37-28530AB15208}.Debug_vs2013|Win32.Build.0 = debug_vs2013|Win32
		{4F490070-3E3B-428B-AA37-28530AB15208}.Debug_vs2013|x64.ActiveCfg = debug_vs2013|x64
		{4F490070-3E3B-428B-AA37-28530AB15208}.Debug_vs2013|x64.Build.0 = debug_vs2013|x64
		{4F490070-3E3B-428B-AA37-28530AB15208}.Debug_vs2013|x86.ActiveCfg = debug_vs2013|Win32
		{4F490070-3E3B-428B-AA37-28530AB15208}.Debug_vs2013|x86.Build.0 = debug_vs2013|Win32
		{4F490070-3E3B-428B-AA37-28530AB15208}.Debug|Win32.ActiveCfg = Debug|Win32
		{4F490070-3E3B-428B-AA37-28530AB15208}.Debug|Win32.Build.0 = Debug|Win32
		{4F490070-3E3B-428B-AA37-28530AB15208}.Debug|x64.ActiveCfg = Debug|x64
		{4F490070-3E3B-428B-AA37-28530AB15208}.Debug|x64.Build.0 = Debug|x64
		{4F490070-3E3B-428B-AA37-28530AB15208}.Debug|x86.ActiveCfg = Debug|Win32
		{4F490070-3E3B-428B-AA37-28530AB15208}.Debug|x86.Build.0 = Debug|Win32
		{4F490070-3E3B-428B-AA37-28530AB15208}.Release_vs2013|Win32.ActiveCfg = release_v2013|Win32
		{4F490070-3E3B-428B-AA37-28530AB15208}.Release_vs2013|Win32.Build.0 = release_v2013|Win32
		{4F490070-3E3B-428B-AA37-28530AB15208}.Release_vs2013|x64.ActiveCfg = release_v2013|x64
		{4F490070-3E3B-428B-AA37-28530AB15208}.Release_vs2013|x64.Build.0 = release_v2013|x64
		{4F490070-3E3B-428B-AA37-28530AB15208}.Release_vs2013|x86.ActiveCfg = release_v2013|Win32
		{4F490070-3E3B-428B-AA37-28530AB15208}.Release_vs2013|x86.Build.0 = release_v2013|Win32
		{4F490070-3E3B-428B-AA37-28530AB15208}.Release|Win32.ActiveCfg = Release|Win32
		{4F490070-3E3B-428B-AA37-28530AB15208}.Release|Win32.Build.0 = Release|Win32
		{4F490070-3E3B-428B-AA37-28530AB15208}.Release|x64.ActiveCfg = Release|x64
		{4F490070-3E3B-428B-AA37-28530AB15208}.Release|x64.Build.0 = Release|x64
		{4F490070-3E3B-428B-AA37-28530AB15208}.Release|x86.ActiveCfg = Release|Win32
		{4F490070-3E3B-428B-AA37-28530AB15208}.Release|x86.Build.0 = Release|Win32
		{C2BD4FB1-D8CB-44B9-B6A4-91CDDF487D4E}.Debug_vs2013|Win32.ActiveCfg = debug_vs2013|Win32
		{C2BD4FB1-D8CB-44B9-B6A4-91CDDF487D4E}.Debug_vs2013|Win32.Build.0 = debug_vs2013|Win32
		{C2BD4FB1-D8CB-44B9-B6A4-91CDDF487D4E}.Debug_vs2013|x64.ActiveCfg = debug_vs2013|x64
		{C2BD4FB1-D8CB-44B9-B6A4-91CDDF487D4E}.Debug_vs2013|x64.Build.0 = debug_vs2013|x64
		{C2BD4FB1-D8CB-44B9-B6A4-91CDDF487D4E}.Debug_vs2013|x86.ActiveCfg = debug_vs2013|Win32
		{C2BD4FB1-D8CB-44B9-B6A4-91CDDF487D4E}.Debug_vs2013|x86.Build.0 = debug_vs2013|Win32
		{C2BD4FB1-D8CB-44B9-B6A4-91CDDF487D4E}.Debug|Win32.ActiveCfg = Debug|Win32
		{C2BD4FB1-D8CB-44B9-B6A4-91CDDF487D4E}.Debug|Win32.Build.0 = Debug|Win32
		{C2BD4FB1-D8CB-44B9-B6A4-91CDDF487D4E}.Debug|x64.ActiveCfg = Debug|x64
		{C2BD4FB1-D8CB-44B9-B6A4-91CDDF487D4E}.Debug|x64.Build.0 = Debug|x64
		{C2BD4FB1-D8CB-44B9-B6A4-91CDDF487D4E}.Debug|x86.ActiveCfg = Debug|Win32
		{C2BD4FB1-D8CB-44B9-B6A4-91CDDF487D4E}.Debug|x86.Build.0 = Debug|Win32
		{C2BD4FB1-D8CB-44B9-B6A4-91CDDF487D4E}.Release_vs2013|Win32.ActiveCfg = release_v2013|Win32
		{C2BD4FB1-D8CB-44B9-B6A4-91CDDF487D4E}.Release_vs2013|Win32.Build.0 = release_v2013|Win32
		{C2BD4FB1-D8CB-44B9-B6A4-91CDDF487D4E}.Release_vs2013|x64.ActiveCfg = release_v2013|x64
		{C2BD4FB1-D8CB-44B9-B6A4-91CDDF487D4E}.Release_vs2013|x64.Build.0 = release_v2013|x64
		{C2BD4FB1-D8CB-44B9-B6A4-91CDDF487D4E}.Release_vs2013|x86.ActiveCfg = release_v2013|Win32
		{C2BD4FB1-D8CB-44B9-B6A4-91CDDF487D4E}.Release_vs2013|x86.Build.0 = release_v2013|Win32
		{C2BD4FB1-D8CB-44B9-B6A4-91CDDF487D4E}.Release|Win32.ActiveCfg = Release|Win32
		{C2BD4FB1-D8CB-44B9-B6A4-91CDDF487D4E}.Release|Win32.Build.0 = Release|Win32
		{C2BD4FB1-D8CB-44B9-B6A4-91CDDF487D4E}.Release|x64.ActiveCfg = Release|x64
		{C2BD4FB1-D8CB-44B9-B6A4-91CDDF487D4E}.Release|x64.Build.0 = Release|x64
		{C2BD4FB1-D8CB-44B9-B6A4-91CDDF487D4E}.Release|x86.ActiveCfg = Release|Win32
		{C2BD4FB1-D8CB-44B9-B6A4-91CDDF487D4E}.Release|x86.Build.0 = Release|Win32
		{48285CD8-0CC4-4FB8-B8CA-06C83ADA176D}.Debug_vs2013|Win32.ActiveCfg = debug_vs2013|Win32
		{48285CD8-0CC4-4FB8-B8CA-06C83ADA176D}.Debug_vs2013|Win32.Build.0 = debug_vs2013|Win32
		{48285CD8-0CC4-4FB8-B8CA-06C83ADA176D}.Debug_vs2013|x64.ActiveCfg = debug_vs2013|x64
		{48285CD8-0CC4-4FB8-B8CA-06C83ADA176D}.Debug_vs2013|x64.Build.0 = debug_vs2013|x64
		{48285CD8-0CC4-4FB8-B8CA-06C83ADA176D}.Debug_vs2013|x86.ActiveCfg = debug_vs2013|Win32
		{48285CD8-0CC4-4FB8-B8CA-06C83ADA176D}.Debug_vs2013|x86.Build.0 = debug_vs2013|Win32
		{48285CD8-0CC4-4FB8-B8CA-06C83ADA176D}.Debug|Win32.ActiveCfg = Debug|Win32
		{48285CD8-0CC4-4FB8-B8CA-06C83ADA176D}.Debug|Win32.Build.0 = Debug|Win32
		{48285CD8-0CC4-4FB8-B8CA-06C83ADA176D}.Debug|x64.ActiveCfg = Debug|Win32
		{48285CD8-0CC4-4FB8-B8CA-06C83ADA176D}.Debug|x86.ActiveCfg = Debug|Win32
		{48285CD8-0CC4-4FB8-B8CA-06C83ADA176D}.Debug|x86.Build.0 = Debug|Win32
		{48285CD8-0CC4-4FB8-B8CA-06C83ADA176D}.Release_vs2013|Win32.ActiveCfg = release_v2013|Win32
		{48285CD8-0CC4-4FB8-B8CA-06C83ADA176D}.Release_vs2013|Win32.Build.0 = release_v2013|Win32
		{48285CD8-0CC4-4FB8-B8CA-06C83ADA176D}.Release_vs2013|x64.ActiveCfg = release_v2013|x64
		{48285CD8-0CC4-4FB8-B8CA-06C83ADA176D}.Release_vs2013|x64.Build.0 = release_v2013|x64
		{48285CD8-0CC4-4FB8-B8CA-06C83ADA176D}.Release_vs2013|x86.ActiveCfg = release_v2013|Win32
		{48285CD8-0CC4-4FB8-B8CA-06C83ADA176D}.Release_vs2013|x86.Build.0 = release_v2013|Win32
		{48285CD8-0CC4-4FB8-B8CA-06C83ADA176D}.Release|Win32.ActiveCfg = Release|Win32
		{48285CD8-0CC4-4FB8-B8CA-06C83ADA176D}.Release|Win32.Build.0 = Release|Win32
		{48285CD8-0CC4-4FB8-B8CA-06C83ADA176D}.Release|x64.ActiveCfg = Release|Win32
		{48285CD8-0CC4-4FB8-B8CA-06C83ADA176D}.Release|x86.ActiveCfg = Release|Win32
		{48285CD8-0CC4-4FB8-B8CA-06C83ADA176D}.Release|x86.Build.0 = Release|Win32
		{7B7F44B6-DC8E-4028-9FE3-EBCCA4639FAD}.Debug_vs2013|Win32.ActiveCfg = debug_vs2013|Win32
		{7B7F44B6-DC8E-4028-9FE3-EBCCA4639FAD}.Debug_vs2013|Win32.Build.0 = debug_vs2013|Win32
		{7B7F44B6-DC8E-4028-9FE3-EBCCA4639FAD}.Debug_vs2013|x64.ActiveCfg = debug_vs2013|x64
		{7B7F44B6-DC8E-4028-9FE3-EBCCA4639FAD}.Debug_vs2013|x64.Build.0 = debug_vs2013|x64
		{7B7F44B6-DC8E-4028-9FE3-EBCCA4639FAD}.Debug_vs2013|x86.ActiveCfg = debug_vs2013|Win32
		{7B7F44B6-DC8E-4028-9FE3-EBCCA4639FAD}.Debug_vs2013|x86.Build.0 = debug_vs2013|Win32
		{7B7F44B6-DC8E-4028-9FE3-EBCCA4639FAD}.Debug|Win32.ActiveCfg = Debug|Win32
		{7B7F44B6-DC8E-4028-9FE3-EBCCA4639FAD}.Debug|Win32.Build.0 = Debug|Win32
		{7B7F44B6-DC8E-4028-9FE3-EBCCA4639FAD}.Debug|x64.ActiveCfg = Debug|x64
		{7B7F44B6-DC8E-4028-9FE3-EBCCA4639FAD}.Debug|x64.Build.0 = Debug|x64
		{7B7F44B6-DC8E-4028-9FE3-EBCCA4639FAD}.Debug|x86.ActiveCfg = Debug|Win32
		{7B7F44B6-DC8E-4028-9FE3-EBCCA4639FAD}.Debug|x86.Build.0 = Debug|Win32
		{7B7F44B6-DC8E-4028-9FE3-EBCCA4639FAD}.Release_vs2013|Win32.ActiveCfg = release_v2013|Win32
		{7B7F44B6-DC8E-4028-9FE3-EBCCA4639FAD}.Release_vs2013|Win32.Build.0 = release_v2013|Win32
		{7B7F44B6-DC8E-4028-9FE3-EBCCA4639FAD}.Release_vs2013|x64.ActiveCfg = release_v2013|x64
		{7B7F44B6-DC8E-4028-9FE3-EBCCA4639FAD}.Release_vs2013|x64.Build.0 = release_v2013|x64
		{7B7F44B6-DC8E-4028-9FE3-EBCCA4639FAD}.Release_vs2013|x86.ActiveCfg = release_v2013|Win32
		{7B7F44B6-DC8E-4028-9FE3-EBCCA4639FAD}.Release_vs2013|x86.Build.0 = release_v2013|Win32
		{7B7F44B6-DC8E-4028-9FE3-EBCCA4639FAD}.Release|Win32.ActiveCfg = Release|Win32
		{7B7F44B6-DC8E-4028-9FE3-EBCCA4639FAD}.Release|Win32.Build.0 = Release|Win32
		{7B7F44B6-DC8E-4028-9FE3-EBCCA4639FAD}.Release|x64.ActiveCfg = Release|x64
		{7B7F44B6-DC8E-4028-9FE3-EBCCA4639FAD}.Release|x64.Build.0 = Release|x64
		{7B7F44B6-DC8E-4028-9FE3-EBCCA4639FAD}.Release|x86.ActiveCfg = Release|Win32
		{7B7F44B6-DC8E-4028-9FE3-EBCCA4639FAD}.Release|x86.Build.0 = Release|Win32
		{D8B15056-05D8-434D-952B-90C7D39B75D8}.Debug_vs2013|Win32.ActiveCfg = debug_vs2013|Win32
		{D8B15056-05D8-434D-952B-90C7D39B75D8}.Debug_vs2013|Win32.Build.0 = debug_vs2013|Win32
		{D8B15056-05D8-434D-952B-90C7D39B75D8}.Debug_vs2013|x64.ActiveCfg = debug_vs2013|x64
		{D8B15056-05D8-434D-952B-90C7D39B75D8}.Debug_vs2013|x64.Build.0 = debug_vs2013|x64
		{D8B15056-05D8-434D-952B-90C7D39B75D8}.Debug_vs2013|x86.ActiveCfg = debug_vs2013|Win32
		{D8B15056-05D8-434D-952B-90C7D39B75D8}.Debug_vs2013|x86.Build.0 = debug_vs2013|Win32
		{D8B15056-05D8-434D-952B-90C7D39B75D8}.Debug|Win32.ActiveCfg = Debug|Win32
		{D8B15056-05D8-434D-952B-90C7D39B75D8}.Debug|Win32.Build.0 = Debug|Win32
		{D8B15056-05D8-434D-952B-90C7D39B75D8}.Debug|x64.ActiveCfg = Debug|x64
		{D8B15056-05D8-434D-952B-90C7D39B75D8}.Debug|x64.Build.0 = Debug|x64
		{D8B15056-05D8-434D-952B-90C7D39B75D8}.Debug|x86.ActiveCfg = Debug|Win32
		{D8B15056-05D8-434D-952B-90C7D39B75D8}.Debug|x86.Build.0 = Debug|Win32
		{D8B15056-05D8-434D-952B-90C7D39B75D8}.Release_vs2013|Win32.ActiveCfg = release_v2013|Win32
		{D8B15056-05D8-434D-952B-90C7D39B75D8}.Release_vs2013|Win32.Build.0 = release_v2013|Win32
		{D8B15056-05D8-434D-952B-90C7D39B75D8}.Release_vs2013|x64.ActiveCfg = release_v2013|x64
		{D8B15056-05D8-434D-952B-90C7D39B75D8}.Release_vs2013|x64.Build.0 = release_v2013|x64
		{D8B15056-05D8-434D-952B-90C7D39B75D8}.Release_vs2013|x86.ActiveCfg = release_v2013|Win32
		{D8B15056-05D8-434D-952B-90C7D39B75D8}.Release_vs2013|x86.Build.0 = release_v2013|Win32
		{D8B15056-05D8-434D-952B-90C7D39B75D8}.Release|Win32.ActiveCfg = Release|Win32
		{D8B15056-05D8-434D-952B-90C7D39B75D8}.Release|Win32.Build.0 = Release|Win32
		{D8B15056-05D8-434D-952B-90C7D39B75D8}.Release|x64.ActiveCfg = Release|x64
		{D8B15056-05D8-434D-952B-90C7D39B75D8}.Release|x64.Build.0 = Release|x64
		{D8B15056-05D8-434D-952B-90C7D39B75D8}.Release|x86.ActiveCfg = Release|Win32
		{D8B15056-05D8-434D-952B-90C7D39B75D8}.Release|x86.Build.0 = Release|Win32
		{30A5245F-400D-410C-BEEA-20DE3170C5FD}.Debug_vs2013|Win32.ActiveCfg = debug_vs2013|Win32
		{30A5245F-400D-410C-BEEA-20DE3170C5FD}.Debug_vs2013|Win32.Build.0 = debug_vs2013|Win32
		{30A5245F-400D-410C-BEEA-20DE3170C5FD}.Debug_vs2013|x64.ActiveCfg = debug_vs2013|x64
		{30A5245F-400D-410C-BEEA-20DE3170C5FD}.Debug_vs2013|x64.Build.0 = debug_vs2013|x64
		{30A5245F-400D-410C-BEEA-20DE3170C5FD}.Debug_vs2013|x86.ActiveCfg = debug_vs2013|Win32
		{30A5245F-400D-410C-BEEA-20DE3170C5FD}.Debug_vs2013|x86.Build.0 = debug_vs2013|Win32
		{30A5245F-400D-410C-BEEA-20DE3170C5FD}.Debug|Win32.ActiveCfg = Debug|Win32
		{30A5245F-400D-410C-BEEA-20DE3170C5FD}.Debug|Win32.Build.0 = Debug|Win32
		{30A5245F-400D-410C-BEEA-20DE3170C5FD}.Debug|x64.ActiveCfg = Debug|x64
		{30A5245F-400D-410C-BEEA-20DE3170C5FD}.Debug|x64.Build.0 = Debug|x64
		{30A5245F-400D-410C-BEEA-20DE3170C5FD}.Debug|x86.ActiveCfg = Debug|Win32
		{30A5245F-400D-410C-BEEA-20DE3170C5FD}.Debug|x86.Build.0 = Debug|Win32
		{30A5245F-400D-410C-BEEA-20DE3170C5FD}.Release_vs2013|Win32.ActiveCfg = release_v2013|Win32
		{30A5245F-400D-410C-BEEA-20DE3170C5FD}.Release_vs2013|Win32.Build.0 = release_v2013|Win32
		{30A5245F-400D-410C-BEEA-20DE3170C5FD}.Release_vs2013|x64.ActiveCfg = release_v2013|x64
		{30A5245F-400D-410C-BEEA-20DE3170C5FD}.Release_vs2013|x64.Build.0 = release_v2013|x64
		{30A5245F-400D-410C-BEEA-20DE3170C5FD}.Release_vs2013|x86.ActiveCfg = release_v2013|Win32
		{30A5245F-400D-410C-BEEA-20DE3170C5FD}.Release_vs2013|x86.Build.0 = release_v2013|Win32
		{30A5245F-400D-410C-BEEA-20DE3170C5FD}.Release|Win32.ActiveCfg = Release|Win32
		{30A5245F-400D-410C-BEEA-20DE3170C5FD}.Release|Win32.Build.0 = Release|Win32
		{30A5245F-400D-410C-BEEA-20DE3170C5FD}.Release|x64.ActiveCfg = Release|x64
		{30A5245F-400D-410C-BEEA-20DE3170C5FD}.Release|x64.Build.0 = Release|x64
		{30A5245F-400D-410C-BEEA-20DE3170C5FD}.Release|x86.ActiveCfg = Release|Win32
		{30A5245F-400D-410C-BEEA-20DE3170C5FD}.Release|x86.Build.0 = Release|Win32
		{B0FD4834-5121-4435-99C2-F23CB2EA2D74}.Debug_vs2013|Win32.ActiveCfg = debug_vs2013|Win32
		{B0FD4834-5121-4435-99C2-F23CB2EA2D74}.Debug_vs2013|Win32.Build.0 = debug_vs2013|Win32
		{B0FD4834-5121-4435-99C2-F23CB2EA2D74}.Debug_vs2013|x64.ActiveCfg = debug_vs2013|x64
		{B0FD4834-5121-4435-99C2-F23CB2EA2D74}.Debug_vs2013|x64.Build.0 = debug_vs2013|x64
		{B0FD4834-5121-4435-99C2-F23CB2EA2D74}.Debug_vs2013|x86.ActiveCfg = debug_vs2013|Win32
		{B0FD4834-5121-4435-99C2-F23CB2EA2D74}.Debug_vs2013|x86.Build.0 = debug_vs2013|Win32
		{B0FD4834-5121-4435-99C2-F23CB2EA2D74}.Debug|Win32.ActiveCfg = Debug|Win32
		{B0FD4834-5121-4435-99C2-F23CB2EA2D74}.Debug|Win32.Build.0 = Debug|Win32
		{B0FD4834-5121-4435-99C2-F23CB2EA2D74}.Debug|x64.ActiveCfg = Debug|x64
		{B0FD4834-5121-4435-99C2-F23CB2EA2D74}.Debug|x64.Build.0 = Debug|x64
		{B0FD4834-5121-4435-99C2-F23CB2EA2D74}.Debug|x86.ActiveCfg = Debug|Win32
		{B0FD4834-5121-4435-99C2-F23CB2EA2D74}.Debug|x86.Build.0 = Debug|Win32
		{B0FD4834-5121-4435-99C2-F23CB2EA2D74}.Release_vs2013|Win32.ActiveCfg = release_vs2013|Win32
		{B0FD4834-5121-4435-99C2-F23CB2EA2D74}.Release_vs2013|Win32.Build.0 = release_vs2013|Win32
		{B0FD4834-5121-4435-99C2-F23CB2EA2D74}.Release_vs2013|x64.ActiveCfg = release_vs2013|x64
		{B0FD4834-5121-4435-99C2-F23CB2EA2D74}.Release_vs2013|x64.Build.0 = release_vs2013|x64
		{B0FD4834-5121-4435-99C2-F23CB2EA2D74}.Release_vs2013|x86.ActiveCfg = release_vs2013|Win32
		{B0FD4834-5121-4435-99C2-F23CB2EA2D74}.Release_vs2013|x86.Build.0 = release_vs2013|Win32
		{B0FD4834-5121-4435-99C2-F23CB2EA2D74}.Release|Win32.ActiveCfg = Release|Win32
		{B0FD4834-5121-4435-99C2-F23CB2EA2D74}.Release|Win32.Build.0 = Release|Win32
		{B0FD4834-5121-4435-99C2-F23CB2EA2D74}.Release|x64.ActiveCfg = Release|x64
		{B0FD4834-5121-4435-99C2-F23CB2EA2D74}.Release|x64.Build.0 = Release|x64
		{B0FD4834-5121-4435-99C2-F23CB2EA2D74}.Release|x86.ActiveCfg = Release|Win32
		{B0FD4834-5121-4435-99C2-F23CB2EA2D74}.Release|x86.Build.0 = Release|Win32
		{92E9C33D-6172-4FD2-A4B0-7CF9F2AC067F}.Debug_vs2013|Win32.ActiveCfg = debug_vs2013|Win32
		{92E9C33D-6172-4FD2-A4B0-7CF9F2AC067F}.Debug_vs2013|Win32.Build.0 = debug_vs2013|Win32
		{92E9C33D-6172-4FD2-A4B0-7CF9F2AC067F}.Debug_vs2013|x64.ActiveCfg = debug_vs2013|x64
		{92E9C33D-6172-4FD2-A4B0-7CF9F2AC067F}.Debug_vs2013|x64.Build.0 = debug_vs2013|x64
		{92E9C33D-6172-4FD2-A4B0-7CF9F2AC067F}.Debug_vs2013|x86.ActiveCfg = debug_vs2013|Win32
		{92E9C33D-6172-4FD2-A4B0-7CF9F2AC067F}.Debug_vs2013|x86.Build.0 = debug_vs2013|Win32
		{92E9C33D-6172-4FD2-A4B0-7CF9F2AC067F}.Debug|Win32.ActiveCfg = Debug|Win32
		{92E9C33D-6172-4FD2-A4B0-7CF9F2AC067F}.Debug|Win32.Build.0 = Debug|Win32
		{92E9C33D-6172-4FD2-A4B0-7CF9F2AC067F}.Debug|x64.ActiveCfg = Debug|x64
		{92E9C33D-6172-4FD2-A4B0-7CF9F2AC067F}.Debug|x64.Build.0 = Debug|x64
		{92E9C33D-6172-4FD2-A4B0-7CF9F2AC067F}.Debug|x86.ActiveCfg = Debug|Win32
		{92E9C33D-6172-4FD2-A4B0-7CF9F2AC067F}.Debug|x86.Build.0 = Debug|Win32
		{92E9C33D-6172-4FD2-A4B0-7CF9F2AC067F}.Release_vs2013|Win32.ActiveCfg = release_v2013|Win32
		{92E9C33D-6172-4FD2-A4B0-7CF9F2AC067F}.Release_vs2013|Win32.Build.0 = release_v2013|Win32
		{92E9C33D-6172-4FD2-A4B0-7CF9F2AC067F}.Release_vs2013|x64.ActiveCfg = release_v2013|x64
		{92E9C33D-6172-4FD2-A4B0-7CF9F2AC067F}.Release_vs2013|x64.Build.0 = release_v2013|x64
		{92E9C33D-6172-4FD2-A4B0-7CF9F2AC067F}.Release_vs2013|x86.ActiveCfg = release_v2013|Win32
		{92E9C33D-6172-4FD2-A4B0-7CF9F2AC067F}.Release_vs2013|x86.Build.0 = release_v2013|Win32
		{92E9C33D-6172-4FD2-A4B0-7CF9F2AC067F}.Release|Win32.ActiveCfg = Release|Win32
		{92E9C33D-6172-4FD2-A4B0-7CF9F2AC067F}.Release|Win32.Build.0 = Release|Win32
		{92E9C33D-6172-4FD2-A4B0-7CF9F2AC067F}.Release|x64.ActiveCfg = Release|x64
		{92E9C33D-6172-4FD2-A4B0-7CF9F2AC067F}.Release|x64.Build.0 = Release|x64
		{92E9C33D-6172-4FD2-A4B0-7CF9F2AC067F}.Release|x86.ActiveCfg = Release|Win32
		{92E9C33D-6172-4FD2-A4B0-7CF9F2AC067F}.Release|x86.Build.0 = Release|Win32
		{62E96F52-6040-44BB-957A-5A9A4E16818C}.Debug_vs2013|Win32.ActiveCfg = debug_vs2013|Win32
		{62E96F52-6040-44BB-957A-5A9A4E16818C}.Debug_vs2013|Win32.Build.0 = debug_vs2013|Win32
		{62E96F52-6040-44BB-957A-5A9A4E16818C}.Debug_vs2013|x64.ActiveCfg = debug_vs2013|x64
		{62E96F52-6040-44BB-957A-5A9A4E16818C}.Debug_vs2013|x64.Build.0 = debug_vs2013|x64
		{62E96F52-6040-44BB-957A-5A9A4E16818C}.Debug_vs2013|x86.ActiveCfg = debug_vs2013|Win32
		{62E96F52-6040-44BB-957A-5A9A4E16818C}.Debug_vs2013|x86.Build.0 = debug_vs2013|Win32
		{62E96F52-6040-44BB-957A-5A9A4E16818C}.Debug|Win32.ActiveCfg = Debug|Win32
		{62E96F52-6040-44BB-957A-5A9A4E16818C}.Debug|Win32.Build.0 = Debug|Win32
		{62E96F52-6040-44BB-957A-5A9A4E16818C}.Debug|x64.ActiveCfg = Debug|x64
		{62E96F52-6040-44BB-957A-5A9A4E16818C}.Debug|x64.Build.0 = Debug|x64
		{62E96F52-6040-44BB-957A-5A9A4E16818C}.Debug|x86.ActiveCfg = Debug|Win32
		{62E96F52-6040-44BB-957A-5A9A4E16818C}.Debug|x86.Build.0 = Debug|Win32
		{62E96F52-6040-44BB-957A-5A9A4E16818C}.Release_vs2013|Win32.ActiveCfg = release_v2013|Win32
		{62E96F52-6040-44BB-957A-5A9A4E16818C}.Release_vs2013|Win32.Build.0 = release_v2013|Win32
		{62E96F52-6040-44BB-957A-5A9A4E16818C}.Release_vs2013|x64.ActiveCfg = release_v2013|x64
		{62E96F52-6040-44BB-957A-5A9A4E16818C}.Release_vs2013|x64.Build.0 = release_v2013|x64
		{62E96F52-6040-44BB-957A-5A9A4E16818C}.Release_vs2013|x86.ActiveCfg = release_v2013|Win32
		{62E96F52-6040-44BB-957A-5A9A4E16818C}.Release_vs2013|x86.Build.0 = release_v2013|Win32
		{62E96F52-6040-44BB-957A-5A9A4E16818C}.Release|Win32.ActiveCfg = Release|Win32
		{62E96F52-6040-44BB-957A-5A9A4E16818C}.Release|Win32.Build.0 = Release|Win32
		{62E96F52-6040-44BB-957A-5A9A4E16818C}.Release|x64.ActiveCfg = Release|x64
		{62E96F52-6040-44BB-957A-5A9A4E16818C}.Release|x64.Build.0 = Release|x64
		{62E96F52-6040-44BB-957A-5A9A4E16818C}.Release|x86.ActiveCfg = Release|Win32
		{62E96F52-6040-44BB-957A-5A9A4E16818C}.Release|x86.Build.0 = Release|Win32
		{5599D655-9882-4135-B03F-78638C0ECB34}.Debug_vs2013|Win32.ActiveCfg = debug_vs2013|Win32
		{5599D655-9882-4135-B03F-78638C0ECB34}.Debug_vs2013|Win32.Build.0 = debug_vs2013|Win32
		{5599D655-9882-4135-B03F-78638C0ECB34}.Debug_vs2013|x64.ActiveCfg = debug_vs2013|x64
		{5599D655-9882-4135-B03F-78638C0ECB34}.Debug_vs2013|x64.Build.0 = debug_vs2013|x64
		{5599D655-9882-4135-B03F-78638C0ECB34}.Debug_vs2013|x86.ActiveCfg = debug_vs2013|Win32
		{5599D655-9882-4135-B03F-78638C0ECB34}.Debug_vs2013|x86.Build.0 = debug_vs2013|Win32
		{5599D655-9882-4135-B03F-78638C0ECB34}.Debug|Win32.ActiveCfg = Debug|Win32
		{5599D655-9882-4135-B03F-78638C0ECB34}.Debug|Win32.Build.0 = Debug|Win32
		{5599D655-9882-4135-B03F-78638C0ECB34}.Debug|x64.ActiveCfg = Debug|x64
		{5599D655-9882-4135-B03F-78638C0ECB34}.Debug|x64.Build.0 = Debug|x64
		{5599D655-9882-4135-B03F-78638C0ECB34}.Debug|x86.ActiveCfg = Debug|Win32
		{5599D655-9882-4135-B03F-78638C0ECB34}.Debug|x86.Build.0 = Debug|Win32
		{5599D655-9882-4135-B03F-78638C0ECB34}.Release_vs2013|Win32.ActiveCfg = release_v2013|Win32
		{5599D655-9882-4135-B03F-78638C0ECB34}.Release_vs2013|Win32.Build.0 = release_v2013|Win32
		{5599D655-9882-4135-B03F-78638C0ECB34}.Release_vs2013|x64.ActiveCfg = release_v2013|x64
		{5599D655-9882-4135-B03F-78638C0ECB34}.Release_vs2013|x64.Build.0 = release_v2013|x64
		{5599D655-9882-4135-B03F-78638C0ECB34}.Release_vs2013|x86.ActiveCfg = release_v2013|Win32
		{5599D655-9882-4135-B03F-78638C0ECB34}.Release_vs2013|x86.Build.0 = release_v2013|Win32
		{5599D655-9882-4135-B03F-78638C0ECB34}.Release|Win32.ActiveCfg = Release|Win32
		{5599D655-9882-4135-B03F-78638C0ECB34}.Release|Win32.Build.0 = Release|Win32
		{5599D655-9882-4135-B03F-78638C0ECB34}.Release|x64.ActiveCfg = Release|x64
		{5599D655-9882-4135-B03F-78638C0ECB34}.Release|x64.Build.0 = Release|x64
		{5599D655-9882-4135-B03F-78638C0ECB34}.Release|x86.ActiveCfg = Release|Win32
		{5599D655-9882-4135-B03F-78638C0ECB34}.Release|x86.Build.0 = Release|Win32
		{894402B3-CA65-47DA-AA35-0714696E49DF}.Debug_vs2013|Win32.ActiveCfg = debug_vs2013|Win32
		{894402B3-CA65-47DA-AA35-0714696E49DF}.Debug_vs2013|Win32.Build.0 = debug_vs2013|Win32
		{894402B3-CA65-47DA-AA35-0714696E49DF}.Debug_vs2013|x64.ActiveCfg = debug_vs2013|x64
		{894402B3-CA65-47DA-AA35-0714696E49DF}.Debug_vs2013|x64.Build.0 = debug_vs2013|x64
		{894402B3-CA65-47DA-AA35-0714696E49DF}.Debug_vs2013|x86.ActiveCfg = debug_vs2013|Win32
		{894402B3-CA65-47DA-AA35-0714696E49DF}.Debug_vs2013|x86.Build.0 = debug_vs2013|Win32
		{894402B3-CA65-47DA-AA35-0714696E49DF}.Debug|Win32.ActiveCfg = Debug|Win32
		{894402B3-CA65-47DA-AA35-0714696E49DF}.Debug|Win32.Build.0 = Debug|Win32
		{894402B3-CA65-47DA-AA35-0714696E49DF}.Debug|x64.ActiveCfg = Debug|x64
		{894402B3-CA65-47DA-AA35-0714696E49DF}.Debug|x64.Build.0 = Debug|x64
		{894402B3-CA65-47DA-AA35-0714696E49DF}.Debug|x86.ActiveCfg = Debug|Win32
		{894402B3-CA65-47DA-AA35-0714696E49DF}.Debug|x86.Build.0 = Debug|Win32
		{894402B3-CA65-47DA-AA35-0714696E49DF}.Release_vs2013|Win32.ActiveCfg = release_v2013|Win32
		{894402B3-CA65-47DA-AA35-0714696E49DF}.Release_vs2013|Win32.Build.0 = release_v2013|Win32
		{894402B3-CA65-47DA-AA35-0714696E49DF}.Release_vs2013|x64.ActiveCfg = release_v2013|x64
		{894402B3-CA65-47DA-AA35-0714696E49DF}.Release_vs2013|x64.Build.0 = release_v2013|x64
		{894402B3-CA65-47DA-AA35-0714696E49DF}.Release_vs2013|x86.ActiveCfg = release_v2013|Win32
		{894402B3-CA65-47DA-AA35-0714696E49DF}.Release_vs2013|x86.Build.0 = release_v2013|Win32
		{894402B3-CA65-47DA-AA35-0714696E49DF}.Release|Win32.ActiveCfg = Release|Win32
		{894402B3-CA65-47DA-AA35-0714696E49DF}.Release|Win32.Build.0 = Release|Win32
		{894402B3-CA65-47DA-AA35-0714696E49DF}.Release|x64.ActiveCfg = Release|x64
		{894402B3-CA65-47DA-AA35-0714696E49DF}.Release|x64.Build.0 = Release|x64
		{894402B3-CA65-47DA-AA35-0714696E49DF}.Release|x86.ActiveCfg = Release|Win32
		{894402B3-CA65-47DA-AA35-0714696E49DF}.Release|x86.Build.0 = Release|Win32
	EndGlobalSection
	GlobalSection(SolutionProperties) = preSolution
		HideSolutionNode = FALSE
	EndGlobalSection
EndGlobal
