
Microsoft Visual Studio Solution File, Format Version 12.00
# Visual Studio 14
VisualStudioVersion = 14.0.25420.1
MinimumVisualStudioVersion = 10.0.40219.1
Project("{8BC9CEB8-8B4A-11D0-8D11-00A0C91BC942}") = "rotate", "..\topics\process\rotate\rotate\rotate.vcxproj", "{B6416B77-DDD1-4485-A30B-83B4A53EB4C5}"
	ProjectSection(ProjectDependencies) = postProject
		{6B834713-11FF-4E58-A703-5CC3E02CBD4D} = {6B834713-11FF-4E58-A703-5CC3E02CBD4D}
	EndProjectSection
EndProject
Project("{8BC9CEB8-8B4A-11D0-8D11-00A0C91BC942}") = "hoist", "..\topics\process\hoist\hoist\hoist.vcxproj", "{864E7757-72FD-420D-83B6-D6E53C69EFC7}"
	ProjectSection(ProjectDependencies) = postProject
		{6B834713-11FF-4E58-A703-5CC3E02CBD4D} = {6B834713-11FF-4E58-A703-5CC3E02CBD4D}
	EndProjectSection
EndProject
Project("{8BC9CEB8-8B4A-11D0-8D11-00A0C91BC942}") = "base_data_types", "..\topics\base_data_types\base_data_types\base_data_types.vcxproj", "{6B834713-11FF-4E58-A703-5CC3E02CBD4D}"
EndProject
Project("{8BC9CEB8-8B4A-11D0-8D11-00A0C91BC942}") = "circulate", "..\topics\process\circulate\circulate\circulate.vcxproj", "{8040B276-5FEF-4B8E-BD70-B6E100D09031}"
	ProjectSection(ProjectDependencies) = postProject
		{6B834713-11FF-4E58-A703-5CC3E02CBD4D} = {6B834713-11FF-4E58-A703-5CC3E02CBD4D}
	EndProjectSection
EndProject
Project("{8BC9CEB8-8B4A-11D0-8D11-00A0C91BC942}") = "drilling", "..\topics\process\drilling\drilling\drilling.vcxproj", "{D8B15056-05D8-434D-952B-90C7D39B75D8}"
	ProjectSection(ProjectDependencies) = postProject
		{6B834713-11FF-4E58-A703-5CC3E02CBD4D} = {6B834713-11FF-4E58-A703-5CC3E02CBD4D}
	EndProjectSection
EndProject
Project("{8BC9CEB8-8B4A-11D0-8D11-00A0C91BC942}") = "configuration", "..\topics\configuration\configuration\configuration.vcxproj", "{74141DC1-2536-4D05-8146-51C314D7704C}"
	ProjectSection(ProjectDependencies) = postProject
		{6B834713-11FF-4E58-A703-5CC3E02CBD4D} = {6B834713-11FF-4E58-A703-5CC3E02CBD4D}
	EndProjectSection
EndProject
Project("{8BC9CEB8-8B4A-11D0-8D11-00A0C91BC942}") = "objective", "..\topics\objective\objective\objective\objective.vcxproj", "{C2BD4FB1-D8CB-44B9-B6A4-91CDDF487D4E}"
	ProjectSection(ProjectDependencies) = postProject
		{6B834713-11FF-4E58-A703-5CC3E02CBD4D} = {6B834713-11FF-4E58-A703-5CC3E02CBD4D}
	EndProjectSection
EndProject
Project("{8BC9CEB8-8B4A-11D0-8D11-00A0C91BC942}") = "wellbore", "..\topics\downhole\wellbore\wellbore\wellbore.vcxproj", "{4F490070-3E3B-428B-AA37-28530AB15208}"
	ProjectSection(ProjectDependencies) = postProject
		{6B834713-11FF-4E58-A703-5CC3E02CBD4D} = {6B834713-11FF-4E58-A703-5CC3E02CBD4D}
	EndProjectSection
EndProject
Project("{8BC9CEB8-8B4A-11D0-8D11-00A0C91BC942}") = "circulate_objective_state", "..\topics\objective_state\circulate\circulate_objective_state\circulate_objective_state.vcxproj", "{7937D597-94D6-49CE-A02E-7B0B62925A24}"
	ProjectSection(ProjectDependencies) = postProject
		{6B834713-11FF-4E58-A703-5CC3E02CBD4D} = {6B834713-11FF-4E58-A703-5CC3E02CBD4D}
		{8040B276-5FEF-4B8E-BD70-B6E100D09031} = {8040B276-5FEF-4B8E-BD70-B6E100D09031}
	EndProjectSection
EndProject
Project("{8BC9CEB8-8B4A-11D0-8D11-00A0C91BC942}") = "drill_objective_state", "..\topics\objective_state\drill\drill_objective_state\drill_objective_state.vcxproj", "{30A5245F-400D-410C-BEEA-20DE3170C5FD}"
	ProjectSection(ProjectDependencies) = postProject
		{6B834713-11FF-4E58-A703-5CC3E02CBD4D} = {6B834713-11FF-4E58-A703-5CC3E02CBD4D}
		{D8B15056-05D8-434D-952B-90C7D39B75D8} = {D8B15056-05D8-434D-952B-90C7D39B75D8}
	EndProjectSection
EndProject
Project("{8BC9CEB8-8B4A-11D0-8D11-00A0C91BC942}") = "hoist_objective_state", "..\topics\objective_state\hoist\hoist_objective_state\hoist_objective_state.vcxproj", "{8097B4B3-2607-43D8-A2E4-372A6761F605}"
	ProjectSection(ProjectDependencies) = postProject
		{6B834713-11FF-4E58-A703-5CC3E02CBD4D} = {6B834713-11FF-4E58-A703-5CC3E02CBD4D}
		{864E7757-72FD-420D-83B6-D6E53C69EFC7} = {864E7757-72FD-420D-83B6-D6E53C69EFC7}
	EndProjectSection
EndProject
Project("{8BC9CEB8-8B4A-11D0-8D11-00A0C91BC942}") = "rotate_objective_state", "..\topics\objective_state\rotate\rotate_objective_state\rotate_objective_state.vcxproj", "{49E4FAB7-EB14-44CF-992C-B10021429D8F}"
	ProjectSection(ProjectDependencies) = postProject
		{6B834713-11FF-4E58-A703-5CC3E02CBD4D} = {6B834713-11FF-4E58-A703-5CC3E02CBD4D}
		{B6416B77-DDD1-4485-A30B-83B4A53EB4C5} = {B6416B77-DDD1-4485-A30B-83B4A53EB4C5}
	EndProjectSection
EndProject
Project("{8BC9CEB8-8B4A-11D0-8D11-00A0C91BC942}") = "drilling_calibration_objective_state", "..\topics\objective_state\drilling_calibration\drilling_calibration_objective_state\drilling_calibration_objective_state.vcxproj", "{5599D655-9882-4135-B03F-78638C0ECB34}"
	ProjectSection(ProjectDependencies) = postProject
		{6B834713-11FF-4E58-A703-5CC3E02CBD4D} = {6B834713-11FF-4E58-A703-5CC3E02CBD4D}
		{62E96F52-6040-44BB-957A-5A9A4E16818C} = {62E96F52-6040-44BB-957A-5A9A4E16818C}
	EndProjectSection
EndProject
Project("{8BC9CEB8-8B4A-11D0-8D11-00A0C91BC942}") = "drilling_calibration", "..\topics\engineering\drilling_calibration\drilling_calibration\drilling_calibration.vcxproj", "{62E96F52-6040-44BB-957A-5A9A4E16818C}"
	ProjectSection(ProjectDependencies) = postProject
		{6B834713-11FF-4E58-A703-5CC3E02CBD4D} = {6B834713-11FF-4E58-A703-5CC3E02CBD4D}
	EndProjectSection
EndProject
Project("{8BC9CEB8-8B4A-11D0-8D11-00A0C91BC942}") = "objective_subscriber", "..\topics\subscribers\objective\objective_subscriber\objective_subscriber.vcxproj", "{894402B3-CA65-47DA-AA35-0714696E49DF}"
	ProjectSection(ProjectDependencies) = postProject
		{6B834713-11FF-4E58-A703-5CC3E02CBD4D} = {6B834713-11FF-4E58-A703-5CC3E02CBD4D}
		{C2BD4FB1-D8CB-44B9-B6A4-91CDDF487D4E} = {C2BD4FB1-D8CB-44B9-B6A4-91CDDF487D4E}
	EndProjectSection
EndProject
Project("{8BC9CEB8-8B4A-11D0-8D11-00A0C91BC942}") = "wellbore_subscriber", "..\topics\subscribers\wellbore\wellbore_subscriber\wellbore_subscriber.vcxproj", "{7B7F44B6-DC8E-4028-9FE3-EBCCA4639FAD}"
	ProjectSection(ProjectDependencies) = postProject
		{6B834713-11FF-4E58-A703-5CC3E02CBD4D} = {6B834713-11FF-4E58-A703-5CC3E02CBD4D}
		{4F490070-3E3B-428B-AA37-28530AB15208} = {4F490070-3E3B-428B-AA37-28530AB15208}
	EndProjectSection
EndProject
Global
	GlobalSection(SolutionConfigurationPlatforms) = preSolution
		Debug|x64 = Debug|x64
		Debug|x86 = Debug|x86
		Release|x64 = Release|x64
		Release|x86 = Release|x86
	EndGlobalSection
	GlobalSection(ProjectConfigurationPlatforms) = postSolution
		{B6416B77-DDD1-4485-A30B-83B4A53EB4C5}.Debug|x64.ActiveCfg = Debug|x64
		{B6416B77-DDD1-4485-A30B-83B4A53EB4C5}.Debug|x64.Build.0 = Debug|x64
		{B6416B77-DDD1-4485-A30B-83B4A53EB4C5}.Debug|x86.ActiveCfg = Debug|Win32
		{B6416B77-DDD1-4485-A30B-83B4A53EB4C5}.Debug|x86.Build.0 = Debug|Win32
		{B6416B77-DDD1-4485-A30B-83B4A53EB4C5}.Release|x64.ActiveCfg = Release|x64
		{B6416B77-DDD1-4485-A30B-83B4A53EB4C5}.Release|x64.Build.0 = Release|x64
		{B6416B77-DDD1-4485-A30B-83B4A53EB4C5}.Release|x86.ActiveCfg = Release|Win32
		{B6416B77-DDD1-4485-A30B-83B4A53EB4C5}.Release|x86.Build.0 = Release|Win32
		{864E7757-72FD-420D-83B6-D6E53C69EFC7}.Debug|x64.ActiveCfg = Debug|x64
		{864E7757-72FD-420D-83B6-D6E53C69EFC7}.Debug|x64.Build.0 = Debug|x64
		{864E7757-72FD-420D-83B6-D6E53C69EFC7}.Debug|x86.ActiveCfg = Debug|Win32
		{864E7757-72FD-420D-83B6-D6E53C69EFC7}.Debug|x86.Build.0 = Debug|Win32
		{864E7757-72FD-420D-83B6-D6E53C69EFC7}.Release|x64.ActiveCfg = Release|x64
		{864E7757-72FD-420D-83B6-D6E53C69EFC7}.Release|x64.Build.0 = Release|x64
		{864E7757-72FD-420D-83B6-D6E53C69EFC7}.Release|x86.ActiveCfg = Release|Win32
		{864E7757-72FD-420D-83B6-D6E53C69EFC7}.Release|x86.Build.0 = Release|Win32
		{6B834713-11FF-4E58-A703-5CC3E02CBD4D}.Debug|x64.ActiveCfg = Debug|x64
		{6B834713-11FF-4E58-A703-5CC3E02CBD4D}.Debug|x64.Build.0 = Debug|x64
		{6B834713-11FF-4E58-A703-5CC3E02CBD4D}.Debug|x86.ActiveCfg = Debug|Win32
		{6B834713-11FF-4E58-A703-5CC3E02CBD4D}.Debug|x86.Build.0 = Debug|Win32
		{6B834713-11FF-4E58-A703-5CC3E02CBD4D}.Release|x64.ActiveCfg = Release|x64
		{6B834713-11FF-4E58-A703-5CC3E02CBD4D}.Release|x64.Build.0 = Release|x64
		{6B834713-11FF-4E58-A703-5CC3E02CBD4D}.Release|x86.ActiveCfg = Release|Win32
		{6B834713-11FF-4E58-A703-5CC3E02CBD4D}.Release|x86.Build.0 = Release|Win32
		{8040B276-5FEF-4B8E-BD70-B6E100D09031}.Debug|x64.ActiveCfg = Debug|x64
		{8040B276-5FEF-4B8E-BD70-B6E100D09031}.Debug|x64.Build.0 = Debug|x64
		{8040B276-5FEF-4B8E-BD70-B6E100D09031}.Debug|x86.ActiveCfg = Debug|Win32
		{8040B276-5FEF-4B8E-BD70-B6E100D09031}.Debug|x86.Build.0 = Debug|Win32
		{8040B276-5FEF-4B8E-BD70-B6E100D09031}.Release|x64.ActiveCfg = Release|x64
		{8040B276-5FEF-4B8E-BD70-B6E100D09031}.Release|x64.Build.0 = Release|x64
		{8040B276-5FEF-4B8E-BD70-B6E100D09031}.Release|x86.ActiveCfg = Release|Win32
		{8040B276-5FEF-4B8E-BD70-B6E100D09031}.Release|x86.Build.0 = Release|Win32
		{D8B15056-05D8-434D-952B-90C7D39B75D8}.Debug|x64.ActiveCfg = Debug|x64
		{D8B15056-05D8-434D-952B-90C7D39B75D8}.Debug|x64.Build.0 = Debug|x64
		{D8B15056-05D8-434D-952B-90C7D39B75D8}.Debug|x86.ActiveCfg = Debug|Win32
		{D8B15056-05D8-434D-952B-90C7D39B75D8}.Debug|x86.Build.0 = Debug|Win32
		{D8B15056-05D8-434D-952B-90C7D39B75D8}.Release|x64.ActiveCfg = Release|x64
		{D8B15056-05D8-434D-952B-90C7D39B75D8}.Release|x64.Build.0 = Release|x64
		{D8B15056-05D8-434D-952B-90C7D39B75D8}.Release|x86.ActiveCfg = Release|Win32
		{D8B15056-05D8-434D-952B-90C7D39B75D8}.Release|x86.Build.0 = Release|Win32
		{74141DC1-2536-4D05-8146-51C314D7704C}.Debug|x64.ActiveCfg = Debug|x64
		{74141DC1-2536-4D05-8146-51C314D7704C}.Debug|x64.Build.0 = Debug|x64
		{74141DC1-2536-4D05-8146-51C314D7704C}.Debug|x86.ActiveCfg = Debug|Win32
		{74141DC1-2536-4D05-8146-51C314D7704C}.Debug|x86.Build.0 = Debug|Win32
		{74141DC1-2536-4D05-8146-51C314D7704C}.Release|x64.ActiveCfg = Release|x64
		{74141DC1-2536-4D05-8146-51C314D7704C}.Release|x64.Build.0 = Release|x64
		{74141DC1-2536-4D05-8146-51C314D7704C}.Release|x86.ActiveCfg = Release|Win32
		{74141DC1-2536-4D05-8146-51C314D7704C}.Release|x86.Build.0 = Release|Win32
		{C2BD4FB1-D8CB-44B9-B6A4-91CDDF487D4E}.Debug|x64.ActiveCfg = Debug|x64
		{C2BD4FB1-D8CB-44B9-B6A4-91CDDF487D4E}.Debug|x64.Build.0 = Debug|x64
		{C2BD4FB1-D8CB-44B9-B6A4-91CDDF487D4E}.Debug|x86.ActiveCfg = Debug|Win32
		{C2BD4FB1-D8CB-44B9-B6A4-91CDDF487D4E}.Debug|x86.Build.0 = Debug|Win32
		{C2BD4FB1-D8CB-44B9-B6A4-91CDDF487D4E}.Release|x64.ActiveCfg = Release|x64
		{C2BD4FB1-D8CB-44B9-B6A4-91CDDF487D4E}.Release|x64.Build.0 = Release|x64
		{C2BD4FB1-D8CB-44B9-B6A4-91CDDF487D4E}.Release|x86.ActiveCfg = Release|Win32
		{C2BD4FB1-D8CB-44B9-B6A4-91CDDF487D4E}.Release|x86.Build.0 = Release|Win32
		{4F490070-3E3B-428B-AA37-28530AB15208}.Debug|x64.ActiveCfg = Debug|x64
		{4F490070-3E3B-428B-AA37-28530AB15208}.Debug|x64.Build.0 = Debug|x64
		{4F490070-3E3B-428B-AA37-28530AB15208}.Debug|x86.ActiveCfg = Debug|Win32
		{4F490070-3E3B-428B-AA37-28530AB15208}.Debug|x86.Build.0 = Debug|Win32
		{4F490070-3E3B-428B-AA37-28530AB15208}.Release|x64.ActiveCfg = Release|x64
		{4F490070-3E3B-428B-AA37-28530AB15208}.Release|x64.Build.0 = Release|x64
		{4F490070-3E3B-428B-AA37-28530AB15208}.Release|x86.ActiveCfg = Release|Win32
		{4F490070-3E3B-428B-AA37-28530AB15208}.Release|x86.Build.0 = Release|Win32
		{7937D597-94D6-49CE-A02E-7B0B62925A24}.Debug|x64.ActiveCfg = Debug|x64
		{7937D597-94D6-49CE-A02E-7B0B62925A24}.Debug|x64.Build.0 = Debug|x64
		{7937D597-94D6-49CE-A02E-7B0B62925A24}.Debug|x86.ActiveCfg = Debug|Win32
		{7937D597-94D6-49CE-A02E-7B0B62925A24}.Debug|x86.Build.0 = Debug|Win32
		{7937D597-94D6-49CE-A02E-7B0B62925A24}.Release|x64.ActiveCfg = Release|x64
		{7937D597-94D6-49CE-A02E-7B0B62925A24}.Release|x64.Build.0 = Release|x64
		{7937D597-94D6-49CE-A02E-7B0B62925A24}.Release|x86.ActiveCfg = Release|Win32
		{7937D597-94D6-49CE-A02E-7B0B62925A24}.Release|x86.Build.0 = Release|Win32
		{30A5245F-400D-410C-BEEA-20DE3170C5FD}.Debug|x64.ActiveCfg = Debug|x64
		{30A5245F-400D-410C-BEEA-20DE3170C5FD}.Debug|x64.Build.0 = Debug|x64
		{30A5245F-400D-410C-BEEA-20DE3170C5FD}.Debug|x86.ActiveCfg = Debug|Win32
		{30A5245F-400D-410C-BEEA-20DE3170C5FD}.Debug|x86.Build.0 = Debug|Win32
		{30A5245F-400D-410C-BEEA-20DE3170C5FD}.Release|x64.ActiveCfg = Release|x64
		{30A5245F-400D-410C-BEEA-20DE3170C5FD}.Release|x64.Build.0 = Release|x64
		{30A5245F-400D-410C-BEEA-20DE3170C5FD}.Release|x86.ActiveCfg = Release|Win32
		{30A5245F-400D-410C-BEEA-20DE3170C5FD}.Release|x86.Build.0 = Release|Win32
		{8097B4B3-2607-43D8-A2E4-372A6761F605}.Debug|x64.ActiveCfg = Debug|x64
		{8097B4B3-2607-43D8-A2E4-372A6761F605}.Debug|x64.Build.0 = Debug|x64
		{8097B4B3-2607-43D8-A2E4-372A6761F605}.Debug|x86.ActiveCfg = Debug|Win32
		{8097B4B3-2607-43D8-A2E4-372A6761F605}.Debug|x86.Build.0 = Debug|Win32
		{8097B4B3-2607-43D8-A2E4-372A6761F605}.Release|x64.ActiveCfg = Release|x64
		{8097B4B3-2607-43D8-A2E4-372A6761F605}.Release|x64.Build.0 = Release|x64
		{8097B4B3-2607-43D8-A2E4-372A6761F605}.Release|x86.ActiveCfg = Release|Win32
		{8097B4B3-2607-43D8-A2E4-372A6761F605}.Release|x86.Build.0 = Release|Win32
		{49E4FAB7-EB14-44CF-992C-B10021429D8F}.Debug|x64.ActiveCfg = Debug|x64
		{49E4FAB7-EB14-44CF-992C-B10021429D8F}.Debug|x64.Build.0 = Debug|x64
		{49E4FAB7-EB14-44CF-992C-B10021429D8F}.Debug|x86.ActiveCfg = Debug|Win32
		{49E4FAB7-EB14-44CF-992C-B10021429D8F}.Debug|x86.Build.0 = Debug|Win32
		{49E4FAB7-EB14-44CF-992C-B10021429D8F}.Release|x64.ActiveCfg = Release|x64
		{49E4FAB7-EB14-44CF-992C-B10021429D8F}.Release|x64.Build.0 = Release|x64
		{49E4FAB7-EB14-44CF-992C-B10021429D8F}.Release|x86.ActiveCfg = Release|Win32
		{49E4FAB7-EB14-44CF-992C-B10021429D8F}.Release|x86.Build.0 = Release|Win32
		{5599D655-9882-4135-B03F-78638C0ECB34}.Debug|x64.ActiveCfg = Debug|x64
		{5599D655-9882-4135-B03F-78638C0ECB34}.Debug|x64.Build.0 = Debug|x64
		{5599D655-9882-4135-B03F-78638C0ECB34}.Debug|x86.ActiveCfg = Debug|Win32
		{5599D655-9882-4135-B03F-78638C0ECB34}.Debug|x86.Build.0 = Debug|Win32
		{5599D655-9882-4135-B03F-78638C0ECB34}.Release|x64.ActiveCfg = Release|x64
		{5599D655-9882-4135-B03F-78638C0ECB34}.Release|x64.Build.0 = Release|x64
		{5599D655-9882-4135-B03F-78638C0ECB34}.Release|x86.ActiveCfg = Release|Win32
		{5599D655-9882-4135-B03F-78638C0ECB34}.Release|x86.Build.0 = Release|Win32
		{62E96F52-6040-44BB-957A-5A9A4E16818C}.Debug|x64.ActiveCfg = Debug|x64
		{62E96F52-6040-44BB-957A-5A9A4E16818C}.Debug|x64.Build.0 = Debug|x64
		{62E96F52-6040-44BB-957A-5A9A4E16818C}.Debug|x86.ActiveCfg = Debug|Win32
		{62E96F52-6040-44BB-957A-5A9A4E16818C}.Debug|x86.Build.0 = Debug|Win32
		{62E96F52-6040-44BB-957A-5A9A4E16818C}.Release|x64.ActiveCfg = Release|x64
		{62E96F52-6040-44BB-957A-5A9A4E16818C}.Release|x64.Build.0 = Release|x64
		{62E96F52-6040-44BB-957A-5A9A4E16818C}.Release|x86.ActiveCfg = Release|Win32
		{62E96F52-6040-44BB-957A-5A9A4E16818C}.Release|x86.Build.0 = Release|Win32
		{894402B3-CA65-47DA-AA35-0714696E49DF}.Debug|x64.ActiveCfg = Debug|x64
		{894402B3-CA65-47DA-AA35-0714696E49DF}.Debug|x64.Build.0 = Debug|x64
		{894402B3-CA65-47DA-AA35-0714696E49DF}.Debug|x86.ActiveCfg = Debug|Win32
		{894402B3-CA65-47DA-AA35-0714696E49DF}.Debug|x86.Build.0 = Debug|Win32
		{894402B3-CA65-47DA-AA35-0714696E49DF}.Release|x64.ActiveCfg = Release|x64
		{894402B3-CA65-47DA-AA35-0714696E49DF}.Release|x64.Build.0 = Release|x64
		{894402B3-CA65-47DA-AA35-0714696E49DF}.Release|x86.ActiveCfg = Release|Win32
		{894402B3-CA65-47DA-AA35-0714696E49DF}.Release|x86.Build.0 = Release|Win32
		{7B7F44B6-DC8E-4028-9FE3-EBCCA4639FAD}.Debug|x64.ActiveCfg = Debug|x64
		{7B7F44B6-DC8E-4028-9FE3-EBCCA4639FAD}.Debug|x64.Build.0 = Debug|x64
		{7B7F44B6-DC8E-4028-9FE3-EBCCA4639FAD}.Debug|x86.ActiveCfg = Debug|Win32
		{7B7F44B6-DC8E-4028-9FE3-EBCCA4639FAD}.Debug|x86.Build.0 = Debug|Win32
		{7B7F44B6-DC8E-4028-9FE3-EBCCA4639FAD}.Release|x64.ActiveCfg = Release|x64
		{7B7F44B6-DC8E-4028-9FE3-EBCCA4639FAD}.Release|x64.Build.0 = Release|x64
		{7B7F44B6-DC8E-4028-9FE3-EBCCA4639FAD}.Release|x86.ActiveCfg = Release|Win32
		{7B7F44B6-DC8E-4028-9FE3-EBCCA4639FAD}.Release|x86.Build.0 = Release|Win32
	EndGlobalSection
	GlobalSection(SolutionProperties) = preSolution
		HideSolutionNode = FALSE
	EndGlobalSection
EndGlobal
